// !$*UTF8*$!
{
	archiveVersion = 1;
	classes = {
	};
	objectVersion = 50;
	objects = {

/* Begin PBXBuildFile section */
		975369A126DA0A8E000EEFD5 /* htmlView.html in Resources */ = {isa = PBXBuildFile; fileRef = 975369A026DA0A8E000EEFD5 /* htmlView.html */; };
		975369A426DA0CAD000EEFD5 /* WebKit.framework in Frameworks */ = {isa = PBXBuildFile; fileRef = 975369A326DA0CAD000EEFD5 /* WebKit.framework */; };
		97FA7A7E26D7394100D7D1AC /* AppDelegate.swift in Sources */ = {isa = PBXBuildFile; fileRef = 97FA7A7D26D7394100D7D1AC /* AppDelegate.swift */; };
		97FA7A8026D7394100D7D1AC /* SceneDelegate.swift in Sources */ = {isa = PBXBuildFile; fileRef = 97FA7A7F26D7394100D7D1AC /* SceneDelegate.swift */; };
		97FA7A8226D7394100D7D1AC /* ViewController.swift in Sources */ = {isa = PBXBuildFile; fileRef = 97FA7A8126D7394100D7D1AC /* ViewController.swift */; };
		97FA7A8526D7394100D7D1AC /* Main.storyboard in Resources */ = {isa = PBXBuildFile; fileRef = 97FA7A8326D7394100D7D1AC /* Main.storyboard */; };
		97FA7A8726D7394200D7D1AC /* Assets.xcassets in Resources */ = {isa = PBXBuildFile; fileRef = 97FA7A8626D7394200D7D1AC /* Assets.xcassets */; };
		97FA7A8A26D7394200D7D1AC /* LaunchScreen.storyboard in Resources */ = {isa = PBXBuildFile; fileRef = 97FA7A8826D7394200D7D1AC /* LaunchScreen.storyboard */; };
/* End PBXBuildFile section */

/* Begin PBXFileReference section */
		975369A026DA0A8E000EEFD5 /* htmlView.html */ = {isa = PBXFileReference; lastKnownFileType = text.html; path = htmlView.html; sourceTree = "<group>"; };
		975369A326DA0CAD000EEFD5 /* WebKit.framework */ = {isa = PBXFileReference; lastKnownFileType = wrapper.framework; name = WebKit.framework; path = System/Library/Frameworks/WebKit.framework; sourceTree = SDKROOT; };
		97FA7A7A26D7394100D7D1AC /* WebMission.app */ = {isa = PBXFileReference; explicitFileType = wrapper.application; includeInIndex = 0; path = WebMission.app; sourceTree = BUILT_PRODUCTS_DIR; };
		97FA7A7D26D7394100D7D1AC /* AppDelegate.swift */ = {isa = PBXFileReference; lastKnownFileType = sourcecode.swift; path = AppDelegate.swift; sourceTree = "<group>"; };
		97FA7A7F26D7394100D7D1AC /* SceneDelegate.swift */ = {isa = PBXFileReference; lastKnownFileType = sourcecode.swift; path = SceneDelegate.swift; sourceTree = "<group>"; };
		97FA7A8126D7394100D7D1AC /* ViewController.swift */ = {isa = PBXFileReference; lastKnownFileType = sourcecode.swift; path = ViewController.swift; sourceTree = "<group>"; };
		97FA7A8426D7394100D7D1AC /* Base */ = {isa = PBXFileReference; lastKnownFileType = file.storyboard; name = Base; path = Base.lproj/Main.storyboard; sourceTree = "<group>"; };
		97FA7A8626D7394200D7D1AC /* Assets.xcassets */ = {isa = PBXFileReference; lastKnownFileType = folder.assetcatalog; path = Assets.xcassets; sourceTree = "<group>"; };
		97FA7A8926D7394200D7D1AC /* Base */ = {isa = PBXFileReference; lastKnownFileType = file.storyboard; name = Base; path = Base.lproj/LaunchScreen.storyboard; sourceTree = "<group>"; };
		97FA7A8B26D7394200D7D1AC /* Info.plist */ = {isa = PBXFileReference; lastKnownFileType = text.plist.xml; path = Info.plist; sourceTree = "<group>"; };
/* End PBXFileReference section */

/* Begin PBXFrameworksBuildPhase section */
		97FA7A7726D7394100D7D1AC /* Frameworks */ = {
			isa = PBXFrameworksBuildPhase;
			buildActionMask = 2147483647;
			files = (
				975369A426DA0CAD000EEFD5 /* WebKit.framework in Frameworks */,
			);
			runOnlyForDeploymentPostprocessing = 0;
		};
/* End PBXFrameworksBuildPhase section */

/* Begin PBXGroup section */
		975369A226DA0CAD000EEFD5 /* Frameworks */ = {
			isa = PBXGroup;
			children = (
				975369A326DA0CAD000EEFD5 /* WebKit.framework */,
			);
			name = Frameworks;
			sourceTree = "<group>";
		};
		97FA7A7126D7394100D7D1AC = {
			isa = PBXGroup;
			children = (
				97FA7A7C26D7394100D7D1AC /* WebMission */,
				97FA7A7B26D7394100D7D1AC /* Products */,
				975369A226DA0CAD000EEFD5 /* Frameworks */,
			);
			sourceTree = "<group>";
		};
		97FA7A7B26D7394100D7D1AC /* Products */ = {
			isa = PBXGroup;
			children = (
				97FA7A7A26D7394100D7D1AC /* WebMission.app */,
			);
			name = Products;
			sourceTree = "<group>";
		};
		97FA7A7C26D7394100D7D1AC /* WebMission */ = {
			isa = PBXGroup;
			children = (
				975369A026DA0A8E000EEFD5 /* htmlView.html */,
				97FA7A7D26D7394100D7D1AC /* AppDelegate.swift */,
				97FA7A7F26D7394100D7D1AC /* SceneDelegate.swift */,
				97FA7A8126D7394100D7D1AC /* ViewController.swift */,
				97FA7A8326D7394100D7D1AC /* Main.storyboard */,
				97FA7A8626D7394200D7D1AC /* Assets.xcassets */,
				97FA7A8826D7394200D7D1AC /* LaunchScreen.storyboard */,
				97FA7A8B26D7394200D7D1AC /* Info.plist */,
			);
			path = WebMission;
			sourceTree = "<group>";
		};
/* End PBXGroup section */

/* Begin PBXNativeTarget section */
		97FA7A7926D7394100D7D1AC /* WebMission */ = {
			isa = PBXNativeTarget;
			buildConfigurationList = 97FA7A8E26D7394200D7D1AC /* Build configuration list for PBXNativeTarget "WebMission" */;
			buildPhases = (
				97FA7A7626D7394100D7D1AC /* Sources */,
				97FA7A7726D7394100D7D1AC /* Frameworks */,
				97FA7A7826D7394100D7D1AC /* Resources */,
			);
			buildRules = (
			);
			dependencies = (
			);
			name = WebMission;
			productName = WebMission;
			productReference = 97FA7A7A26D7394100D7D1AC /* WebMission.app */;
			productType = "com.apple.product-type.application";
		};
/* End PBXNativeTarget section */

/* Begin PBXProject section */
		97FA7A7226D7394100D7D1AC /* Project object */ = {
			isa = PBXProject;
			attributes = {
				LastSwiftUpdateCheck = 1250;
				LastUpgradeCheck = 1250;
				TargetAttributes = {
					97FA7A7926D7394100D7D1AC = {
						CreatedOnToolsVersion = 12.5.1;
					};
				};
			};
			buildConfigurationList = 97FA7A7526D7394100D7D1AC /* Build configuration list for PBXProject "WebMission" */;
			compatibilityVersion = "Xcode 9.3";
			developmentRegion = en;
			hasScannedForEncodings = 0;
			knownRegions = (
				en,
				Base,
			);
			mainGroup = 97FA7A7126D7394100D7D1AC;
			productRefGroup = 97FA7A7B26D7394100D7D1AC /* Products */;
			projectDirPath = "";
			projectRoot = "";
			targets = (
				97FA7A7926D7394100D7D1AC /* WebMission */,
			);
		};
/* End PBXProject section */

/* Begin PBXResourcesBuildPhase section */
		97FA7A7826D7394100D7D1AC /* Resources */ = {
			isa = PBXResourcesBuildPhase;
			buildActionMask = 2147483647;
			files = (
				975369A126DA0A8E000EEFD5 /* htmlView.html in Resources */,
				97FA7A8A26D7394200D7D1AC /* LaunchScreen.storyboard in Resources */,
				97FA7A8726D7394200D7D1AC /* Assets.xcassets in Resources */,
				97FA7A8526D7394100D7D1AC /* Main.storyboard in Resources */,
			);
			runOnlyForDeploymentPostprocessing = 0;
		};
/* End PBXResourcesBuildPhase section */

/* Begin PBXSourcesBuildPhase section */
		97FA7A7626D7394100D7D1AC /* Sources */ = {
			isa = PBXSourcesBuildPhase;
			buildActionMask = 2147483647;
			files = (
				97FA7A8226D7394100D7D1AC /* ViewController.swift in Sources */,
				97FA7A7E26D7394100D7D1AC /* AppDelegate.swift in Sources */,
				97FA7A8026D7394100D7D1AC /* SceneDelegate.swift in Sources */,
			);
			runOnlyForDeploymentPostprocessing = 0;
		};
/* End PBXSourcesBuildPhase section */

/* Begin PBXVariantGroup section */
		97FA7A8326D7394100D7D1AC /* Main.storyboard */ = {
			isa = PBXVariantGroup;
			children = (
				97FA7A8426D7394100D7D1AC /* Base */,
			);
			name = Main.storyboard;
			sourceTree = "<group>";
		};
		97FA7A8826D7394200D7D1AC /* LaunchScreen.storyboard */ = {
			isa = PBXVariantGroup;
			children = (
				97FA7A8926D7394200D7D1AC /* Base */,
			);
			name = LaunchScreen.storyboard;
			sourceTree = "<group>";
		};
/* End PBXVariantGroup section */

/* Begin XCBuildConfiguration section */
		97FA7A8C26D7394200D7D1AC /* Debug */ = {
			isa = XCBuildConfiguration;
			buildSettings = {
				ALWAYS_SEARCH_USER_PATHS = NO;
				CLANG_ANALYZER_NONNULL = YES;
				CLANG_ANALYZER_NUMBER_OBJECT_CONVERSION = YES_AGGRESSIVE;
				CLANG_CXX_LANGUAGE_STANDARD = "gnu++14";
				CLANG_CXX_LIBRARY = "libc++";
				CLANG_ENABLE_MODULES = YES;
				CLANG_ENABLE_OBJC_ARC = YES;
				CLANG_ENABLE_OBJC_WEAK = YES;
				CLANG_WARN_BLOCK_CAPTURE_AUTORELEASING = YES;
				CLANG_WARN_BOOL_CONVERSION = YES;
				CLANG_WARN_COMMA = YES;
				CLANG_WARN_CONSTANT_CONVERSION = YES;
				CLANG_WARN_DEPRECATED_OBJC_IMPLEMENTATIONS = YES;
				CLANG_WARN_DIRECT_OBJC_ISA_USAGE = YES_ERROR;
				CLANG_WARN_DOCUMENTATION_COMMENTS = YES;
				CLANG_WARN_EMPTY_BODY = YES;
				CLANG_WARN_ENUM_CONVERSION = YES;
				CLANG_WARN_INFINITE_RECURSION = YES;
				CLANG_WARN_INT_CONVERSION = YES;
				CLANG_WARN_NON_LITERAL_NULL_CONVERSION = YES;
				CLANG_WARN_OBJC_IMPLICIT_RETAIN_SELF = YES;
				CLANG_WARN_OBJC_LITERAL_CONVERSION = YES;
				CLANG_WARN_OBJC_ROOT_CLASS = YES_ERROR;
				CLANG_WARN_QUOTED_INCLUDE_IN_FRAMEWORK_HEADER = YES;
				CLANG_WARN_RANGE_LOOP_ANALYSIS = YES;
				CLANG_WARN_STRICT_PROTOTYPES = YES;
				CLANG_WARN_SUSPICIOUS_MOVE = YES;
				CLANG_WARN_UNGUARDED_AVAILABILITY = YES_AGGRESSIVE;
				CLANG_WARN_UNREACHABLE_CODE = YES;
				CLANG_WARN__DUPLICATE_METHOD_MATCH = YES;
				COPY_PHASE_STRIP = NO;
				DEBUG_INFORMATION_FORMAT = dwarf;
				ENABLE_STRICT_OBJC_MSGSEND = YES;
				ENABLE_TESTABILITY = YES;
				GCC_C_LANGUAGE_STANDARD = gnu11;
				GCC_DYNAMIC_NO_PIC = NO;
				GCC_NO_COMMON_BLOCKS = YES;
				GCC_OPTIMIZATION_LEVEL = 0;
				GCC_PREPROCESSOR_DEFINITIONS = (
					"DEBUG=1",
					"$(inherited)",
				);
				GCC_WARN_64_TO_32_BIT_CONVERSION = YES;
				GCC_WARN_ABOUT_RETURN_TYPE = YES_ERROR;
				GCC_WARN_UNDECLARED_SELECTOR = YES;
				GCC_WARN_UNINITIALIZED_AUTOS = YES_AGGRESSIVE;
				GCC_WARN_UNUSED_FUNCTION = YES;
				GCC_WARN_UNUSED_VARIABLE = YES;
				IPHONEOS_DEPLOYMENT_TARGET = 14.5;
				MTL_ENABLE_DEBUG_INFO = INCLUDE_SOURCE;
				MTL_FAST_MATH = YES;
				ONLY_ACTIVE_ARCH = YES;
				SDKROOT = iphoneos;
				SWIFT_ACTIVE_COMPILATION_CONDITIONS = DEBUG;
				SWIFT_OPTIMIZATION_LEVEL = "-Onone";
			};
			name = Debug;
		};
		97FA7A8D26D7394200D7D1AC /* Release */ = {
			isa = XCBuildConfiguration;
			buildSettings = {
				ALWAYS_SEARCH_USER_PATHS = NO;
				CLANG_ANALYZER_NONNULL = YES;
				CLANG_ANALYZER_NUMBER_OBJECT_CONVERSION = YES_AGGRESSIVE;
				CLANG_CXX_LANGUAGE_STANDARD = "gnu++14";
				CLANG_CXX_LIBRARY = "libc++";
				CLANG_ENABLE_MODULES = YES;
				CLANG_ENABLE_OBJC_ARC = YES;
				CLANG_ENABLE_OBJC_WEAK = YES;
				CLANG_WARN_BLOCK_CAPTURE_AUTORELEASING = YES;
				CLANG_WARN_BOOL_CONVERSION = YES;
				CLANG_WARN_COMMA = YES;
				CLANG_WARN_CONSTANT_CONVERSION = YES;
				CLANG_WARN_DEPRECATED_OBJC_IMPLEMENTATIONS = YES;
				CLANG_WARN_DIRECT_OBJC_ISA_USAGE = YES_ERROR;
				CLANG_WARN_DOCUMENTATION_COMMENTS = YES;
				CLANG_WARN_EMPTY_BODY = YES;
				CLANG_WARN_ENUM_CONVERSION = YES;
				CLANG_WARN_INFINITE_RECURSION = YES;
				CLANG_WARN_INT_CONVERSION = YES;
				CLANG_WARN_NON_LITERAL_NULL_CONVERSION = YES;
				CLANG_WARN_OBJC_IMPLICIT_RETAIN_SELF = YES;
				CLANG_WARN_OBJC_LITERAL_CONVERSION = YES;
				CLANG_WARN_OBJC_ROOT_CLASS = YES_ERROR;
				CLANG_WARN_QUOTED_INCLUDE_IN_FRAMEWORK_HEADER = YES;
				CLANG_WARN_RANGE_LOOP_ANALYSIS = YES;
				CLANG_WARN_STRICT_PROTOTYPES = YES;
				CLANG_WARN_SUSPICIOUS_MOVE = YES;
				CLANG_WARN_UNGUARDED_AVAILABILITY = YES_AGGRESSIVE;
				CLANG_WARN_UNREACHABLE_CODE = YES;
				CLANG_WARN__DUPLICATE_METHOD_MATCH = YES;
				COPY_PHASE_STRIP = NO;
				DEBUG_INFORMATION_FORMAT = "dwarf-with-dsym";
				ENABLE_NS_ASSERTIONS = NO;
				ENABLE_STRICT_OBJC_MSGSEND = YES;
				GCC_C_LANGUAGE_STANDARD = gnu11;
				GCC_NO_COMMON_BLOCKS = YES;
				GCC_WARN_64_TO_32_BIT_CONVERSION = YES;
				GCC_WARN_ABOUT_RETURN_TYPE = YES_ERROR;
				GCC_WARN_UNDECLARED_SELECTOR = YES;
				GCC_WARN_UNINITIALIZED_AUTOS = YES_AGGRESSIVE;
				GCC_WARN_UNUSED_FUNCTION = YES;
				GCC_WARN_UNUSED_VARIABLE = YES;
				IPHONEOS_DEPLOYMENT_TARGET = 14.5;
				MTL_ENABLE_DEBUG_INFO = NO;
				MTL_FAST_MATH = YES;
				SDKROOT = iphoneos;
				SWIFT_COMPILATION_MODE = wholemodule;
				SWIFT_OPTIMIZATION_LEVEL = "-O";
				VALIDATE_PRODUCT = YES;
			};
			name = Release;
		};
		97FA7A8F26D7394200D7D1AC /* Debug */ = {
			isa = XCBuildConfiguration;
			buildSettings = {
				ASSETCATALOG_COMPILER_APPICON_NAME = AppIcon;
				ASSETCATALOG_COMPILER_GLOBAL_ACCENT_COLOR_NAME = AccentColor;
				CODE_SIGN_STYLE = Automatic;
				INFOPLIST_FILE = WebMission/Info.plist;
				LD_RUNPATH_SEARCH_PATHS = (
					"$(inherited)",
					"@executable_path/Frameworks",
				);
				PRODUCT_BUNDLE_IDENTIFIER = net.macnpc.WebMission;
				PRODUCT_NAME = "$(TARGET_NAME)";
				SWIFT_VERSION = 5.0;
				TARGETED_DEVICE_FAMILY = "1,2";
			};
			name = Debug;
		};
		97FA7A9026D7394200D7D1AC /* Release */ = {
			isa = XCBuildConfiguration;
			buildSettings = {
				ASSETCATALOG_COMPILER_APPICON_NAME = AppIcon;
				ASSETCATALOG_COMPILER_GLOBAL_ACCENT_COLOR_NAME = AccentColor;
				CODE_SIGN_STYLE = Automatic;
				INFOPLIST_FILE = WebMission/Info.plist;
				LD_RUNPATH_SEARCH_PATHS = (
					"$(inherited)",
					"@executable_path/Frameworks",
				);
				PRODUCT_BUNDLE_IDENTIFIER = net.macnpc.WebMission;
				PRODUCT_NAME = "$(TARGET_NAME)";
				SWIFT_VERSION = 5.0;
				TARGETED_DEVICE_FAMILY = "1,2";
			};
			name = Release;
		};
/* End XCBuildConfiguration section */

/* Begin XCConfigurationList section */
		97FA7A7526D7394100D7D1AC /* Build configuration list for PBXProject "WebMission" */ = {
			isa = XCConfigurationList;
			buildConfigurations = (
				97FA7A8C26D7394200D7D1AC /* Debug */,
				97FA7A8D26D7394200D7D1AC /* Release */,
			);
			defaultConfigurationIsVisible = 0;
			defaultConfigurationName = Release;
		};
		97FA7A8E26D7394200D7D1AC /* Build configuration list for PBXNativeTarget "WebMission" */ = {
			isa = XCConfigurationList;
			buildConfigurations = (
				97FA7A8F26D7394200D7D1AC /* Debug */,
				97FA7A9026D7394200D7D1AC /* Release */,
			);
			defaultConfigurationIsVisible = 0;
			defaultConfigurationName = Release;
		};
/* End XCConfigurationList section */
	};
	rootObject = 97FA7A7226D7394100D7D1AC /* Project object */;
}
