// !$*UTF8*$!
{
	archiveVersion = 1;
	classes = {
	};
	objectVersion = 50;
	objects = {

/* Begin PBXBuildFile section */
		974EDC8E26E39718005D75D9 /* Mountaineering.mov in Resources */ = {isa = PBXBuildFile; fileRef = 974EDC8B26E39718005D75D9 /* Mountaineering.mov */; };
		974EDC8F26E39718005D75D9 /* Seascape.jpg in Resources */ = {isa = PBXBuildFile; fileRef = 974EDC8C26E39718005D75D9 /* Seascape.jpg */; };
		974EDC9026E39718005D75D9 /* Mountaineering.jpg in Resources */ = {isa = PBXBuildFile; fileRef = 974EDC8D26E39718005D75D9 /* Mountaineering.jpg */; };
		97843B2E26C4BD0500903CA4 /* AppDelegate.swift in Sources */ = {isa = PBXBuildFile; fileRef = 97843B2D26C4BD0500903CA4 /* AppDelegate.swift */; };
		97843B3026C4BD0500903CA4 /* SceneDelegate.swift in Sources */ = {isa = PBXBuildFile; fileRef = 97843B2F26C4BD0500903CA4 /* SceneDelegate.swift */; };
		97843B3226C4BD0500903CA4 /* ViewController.swift in Sources */ = {isa = PBXBuildFile; fileRef = 97843B3126C4BD0500903CA4 /* ViewController.swift */; };
		97843B3526C4BD0500903CA4 /* Main.storyboard in Resources */ = {isa = PBXBuildFile; fileRef = 97843B3326C4BD0500903CA4 /* Main.storyboard */; };
		97843B3726C4BD0600903CA4 /* Assets.xcassets in Resources */ = {isa = PBXBuildFile; fileRef = 97843B3626C4BD0600903CA4 /* Assets.xcassets */; };
		97843B3A26C4BD0600903CA4 /* LaunchScreen.storyboard in Resources */ = {isa = PBXBuildFile; fileRef = 97843B3826C4BD0600903CA4 /* LaunchScreen.storyboard */; };
		97843B4526C4BD5500903CA4 /* Fireworks.jpg in Resources */ = {isa = PBXBuildFile; fileRef = 97843B4226C4BD5500903CA4 /* Fireworks.jpg */; };
		97843B4626C4BD5500903CA4 /* FastTyping.jpg in Resources */ = {isa = PBXBuildFile; fileRef = 97843B4326C4BD5500903CA4 /* FastTyping.jpg */; };
		97843B4726C4BD5500903CA4 /* FastTyping.mp4 in Resources */ = {isa = PBXBuildFile; fileRef = 97843B4426C4BD5500903CA4 /* FastTyping.mp4 */; };
/* End PBXBuildFile section */

/* Begin PBXFileReference section */
		974EDC8B26E39718005D75D9 /* Mountaineering.mov */ = {isa = PBXFileReference; lastKnownFileType = video.quicktime; path = Mountaineering.mov; sourceTree = "<group>"; };
		974EDC8C26E39718005D75D9 /* Seascape.jpg */ = {isa = PBXFileReference; lastKnownFileType = image.jpeg; path = Seascape.jpg; sourceTree = "<group>"; };
		974EDC8D26E39718005D75D9 /* Mountaineering.jpg */ = {isa = PBXFileReference; lastKnownFileType = image.jpeg; path = Mountaineering.jpg; sourceTree = "<group>"; };
		97843B2A26C4BD0500903CA4 /* MoviePlayerMission.app */ = {isa = PBXFileReference; explicitFileType = wrapper.application; includeInIndex = 0; path = MoviePlayerMission.app; sourceTree = BUILT_PRODUCTS_DIR; };
		97843B2D26C4BD0500903CA4 /* AppDelegate.swift */ = {isa = PBXFileReference; lastKnownFileType = sourcecode.swift; path = AppDelegate.swift; sourceTree = "<group>"; };
		97843B2F26C4BD0500903CA4 /* SceneDelegate.swift */ = {isa = PBXFileReference; lastKnownFileType = sourcecode.swift; path = SceneDelegate.swift; sourceTree = "<group>"; };
		97843B3126C4BD0500903CA4 /* ViewController.swift */ = {isa = PBXFileReference; lastKnownFileType = sourcecode.swift; path = ViewController.swift; sourceTree = "<group>"; };
		97843B3426C4BD0500903CA4 /* Base */ = {isa = PBXFileReference; lastKnownFileType = file.storyboard; name = Base; path = Base.lproj/Main.storyboard; sourceTree = "<group>"; };
		97843B3626C4BD0600903CA4 /* Assets.xcassets */ = {isa = PBXFileReference; lastKnownFileType = folder.assetcatalog; path = Assets.xcassets; sourceTree = "<group>"; };
		97843B3926C4BD0600903CA4 /* Base */ = {isa = PBXFileReference; lastKnownFileType = file.storyboard; name = Base; path = Base.lproj/LaunchScreen.storyboard; sourceTree = "<group>"; };
		97843B3B26C4BD0600903CA4 /* Info.plist */ = {isa = PBXFileReference; lastKnownFileType = text.plist.xml; path = Info.plist; sourceTree = "<group>"; };
		97843B4226C4BD5500903CA4 /* Fireworks.jpg */ = {isa = PBXFileReference; lastKnownFileType = image.jpeg; path = Fireworks.jpg; sourceTree = "<group>"; };
		97843B4326C4BD5500903CA4 /* FastTyping.jpg */ = {isa = PBXFileReference; lastKnownFileType = image.jpeg; path = FastTyping.jpg; sourceTree = "<group>"; };
		97843B4426C4BD5500903CA4 /* FastTyping.mp4 */ = {isa = PBXFileReference; lastKnownFileType = file; path = FastTyping.mp4; sourceTree = "<group>"; };
/* End PBXFileReference section */

/* Begin PBXFrameworksBuildPhase section */
		97843B2726C4BD0500903CA4 /* Frameworks */ = {
			isa = PBXFrameworksBuildPhase;
			buildActionMask = 2147483647;
			files = (
			);
			runOnlyForDeploymentPostprocessing = 0;
		};
/* End PBXFrameworksBuildPhase section */

/* Begin PBXGroup section */
		97843B2126C4BD0500903CA4 = {
			isa = PBXGroup;
			children = (
				97843B2C26C4BD0500903CA4 /* MoviePlayer */,
				97843B2B26C4BD0500903CA4 /* Products */,
			);
			sourceTree = "<group>";
		};
		97843B2B26C4BD0500903CA4 /* Products */ = {
			isa = PBXGroup;
			children = (
				97843B2A26C4BD0500903CA4 /* MoviePlayerMission.app */,
			);
			name = Products;
			sourceTree = "<group>";
		};
		97843B2C26C4BD0500903CA4 /* MoviePlayer */ = {
			isa = PBXGroup;
			children = (
				97843B2D26C4BD0500903CA4 /* AppDelegate.swift */,
				97843B4126C4BD2400903CA4 /* Resources */,
				97843B2F26C4BD0500903CA4 /* SceneDelegate.swift */,
				97843B3126C4BD0500903CA4 /* ViewController.swift */,
				97843B3326C4BD0500903CA4 /* Main.storyboard */,
				97843B3626C4BD0600903CA4 /* Assets.xcassets */,
				97843B3826C4BD0600903CA4 /* LaunchScreen.storyboard */,
				97843B3B26C4BD0600903CA4 /* Info.plist */,
			);
			path = MoviePlayer;
			sourceTree = "<group>";
		};
		97843B4126C4BD2400903CA4 /* Resources */ = {
			isa = PBXGroup;
			children = (
				974EDC8D26E39718005D75D9 /* Mountaineering.jpg */,
				974EDC8B26E39718005D75D9 /* Mountaineering.mov */,
				974EDC8C26E39718005D75D9 /* Seascape.jpg */,
				97843B4326C4BD5500903CA4 /* FastTyping.jpg */,
				97843B4426C4BD5500903CA4 /* FastTyping.mp4 */,
				97843B4226C4BD5500903CA4 /* Fireworks.jpg */,
			);
			path = Resources;
			sourceTree = "<group>";
		};
/* End PBXGroup section */

/* Begin PBXNativeTarget section */
		97843B2926C4BD0500903CA4 /* MoviePlayerMission */ = {
			isa = PBXNativeTarget;
			buildConfigurationList = 97843B3E26C4BD0600903CA4 /* Build configuration list for PBXNativeTarget "MoviePlayerMission" */;
			buildPhases = (
				97843B2626C4BD0500903CA4 /* Sources */,
				97843B2726C4BD0500903CA4 /* Frameworks */,
				97843B2826C4BD0500903CA4 /* Resources */,
			);
			buildRules = (
			);
			dependencies = (
			);
			name = MoviePlayerMission;
			productName = MoviePlayer;
			productReference = 97843B2A26C4BD0500903CA4 /* MoviePlayerMission.app */;
			productType = "com.apple.product-type.application";
		};
/* End PBXNativeTarget section */

/* Begin PBXProject section */
		97843B2226C4BD0500903CA4 /* Project object */ = {
			isa = PBXProject;
			attributes = {
				LastSwiftUpdateCheck = 1250;
				LastUpgradeCheck = 1250;
				TargetAttributes = {
					97843B2926C4BD0500903CA4 = {
						CreatedOnToolsVersion = 12.5.1;
					};
				};
			};
			buildConfigurationList = 97843B2526C4BD0500903CA4 /* Build configuration list for PBXProject "MoviePlayerMission" */;
			compatibilityVersion = "Xcode 9.3";
			developmentRegion = en;
			hasScannedForEncodings = 0;
			knownRegions = (
				en,
				Base,
			);
			mainGroup = 97843B2126C4BD0500903CA4;
			productRefGroup = 97843B2B26C4BD0500903CA4 /* Products */;
			projectDirPath = "";
			projectRoot = "";
			targets = (
				97843B2926C4BD0500903CA4 /* MoviePlayerMission */,
			);
		};
/* End PBXProject section */

/* Begin PBXResourcesBuildPhase section */
		97843B2826C4BD0500903CA4 /* Resources */ = {
			isa = PBXResourcesBuildPhase;
			buildActionMask = 2147483647;
			files = (
				974EDC8F26E39718005D75D9 /* Seascape.jpg in Resources */,
				97843B4526C4BD5500903CA4 /* Fireworks.jpg in Resources */,
				97843B3A26C4BD0600903CA4 /* LaunchScreen.storyboard in Resources */,
				97843B4726C4BD5500903CA4 /* FastTyping.mp4 in Resources */,
				974EDC9026E39718005D75D9 /* Mountaineering.jpg in Resources */,
				97843B4626C4BD5500903CA4 /* FastTyping.jpg in Resources */,
				97843B3726C4BD0600903CA4 /* Assets.xcassets in Resources */,
				974EDC8E26E39718005D75D9 /* Mountaineering.mov in Resources */,
				97843B3526C4BD0500903CA4 /* Main.storyboard in Resources */,
			);
			runOnlyForDeploymentPostprocessing = 0;
		};
/* End PBXResourcesBuildPhase section */

/* Begin PBXSourcesBuildPhase section */
		97843B2626C4BD0500903CA4 /* Sources */ = {
			isa = PBXSourcesBuildPhase;
			buildActionMask = 2147483647;
			files = (
				97843B3226C4BD0500903CA4 /* ViewController.swift in Sources */,
				97843B2E26C4BD0500903CA4 /* AppDelegate.swift in Sources */,
				97843B3026C4BD0500903CA4 /* SceneDelegate.swift in Sources */,
			);
			runOnlyForDeploymentPostprocessing = 0;
		};
/* End PBXSourcesBuildPhase section */

/* Begin PBXVariantGroup section */
		97843B3326C4BD0500903CA4 /* Main.storyboard */ = {
			isa = PBXVariantGroup;
			children = (
				97843B3426C4BD0500903CA4 /* Base */,
			);
			name = Main.storyboard;
			sourceTree = "<group>";
		};
		97843B3826C4BD0600903CA4 /* LaunchScreen.storyboard */ = {
			isa = PBXVariantGroup;
			children = (
				97843B3926C4BD0600903CA4 /* Base */,
			);
			name = LaunchScreen.storyboard;
			sourceTree = "<group>";
		};
/* End PBXVariantGroup section */

/* Begin XCBuildConfiguration section */
		97843B3C26C4BD0600903CA4 /* Debug */ = {
			isa = XCBuildConfiguration;
			buildSettings = {
				ALWAYS_SEARCH_USER_PATHS = NO;
				CLANG_ANALYZER_NONNULL = YES;
				CLANG_ANALYZER_NUMBER_OBJECT_CONVERSION = YES_AGGRESSIVE;
				CLANG_CXX_LANGUAGE_STANDARD = "gnu++14";
				CLANG_CXX_LIBRARY = "libc++";
				CLANG_ENABLE_MODULES = YES;
				CLANG_ENABLE_OBJC_ARC = YES;
				CLANG_ENABLE_OBJC_WEAK = YES;
				CLANG_WARN_BLOCK_CAPTURE_AUTORELEASING = YES;
				CLANG_WARN_BOOL_CONVERSION = YES;
				CLANG_WARN_COMMA = YES;
				CLANG_WARN_CONSTANT_CONVERSION = YES;
				CLANG_WARN_DEPRECATED_OBJC_IMPLEMENTATIONS = YES;
				CLANG_WARN_DIRECT_OBJC_ISA_USAGE = YES_ERROR;
				CLANG_WARN_DOCUMENTATION_COMMENTS = YES;
				CLANG_WARN_EMPTY_BODY = YES;
				CLANG_WARN_ENUM_CONVERSION = YES;
				CLANG_WARN_INFINITE_RECURSION = YES;
				CLANG_WARN_INT_CONVERSION = YES;
				CLANG_WARN_NON_LITERAL_NULL_CONVERSION = YES;
				CLANG_WARN_OBJC_IMPLICIT_RETAIN_SELF = YES;
				CLANG_WARN_OBJC_LITERAL_CONVERSION = YES;
				CLANG_WARN_OBJC_ROOT_CLASS = YES_ERROR;
				CLANG_WARN_QUOTED_INCLUDE_IN_FRAMEWORK_HEADER = YES;
				CLANG_WARN_RANGE_LOOP_ANALYSIS = YES;
				CLANG_WARN_STRICT_PROTOTYPES = YES;
				CLANG_WARN_SUSPICIOUS_MOVE = YES;
				CLANG_WARN_UNGUARDED_AVAILABILITY = YES_AGGRESSIVE;
				CLANG_WARN_UNREACHABLE_CODE = YES;
				CLANG_WARN__DUPLICATE_METHOD_MATCH = YES;
				COPY_PHASE_STRIP = NO;
				DEBUG_INFORMATION_FORMAT = dwarf;
				ENABLE_STRICT_OBJC_MSGSEND = YES;
				ENABLE_TESTABILITY = YES;
				GCC_C_LANGUAGE_STANDARD = gnu11;
				GCC_DYNAMIC_NO_PIC = NO;
				GCC_NO_COMMON_BLOCKS = YES;
				GCC_OPTIMIZATION_LEVEL = 0;
				GCC_PREPROCESSOR_DEFINITIONS = (
					"DEBUG=1",
					"$(inherited)",
				);
				GCC_WARN_64_TO_32_BIT_CONVERSION = YES;
				GCC_WARN_ABOUT_RETURN_TYPE = YES_ERROR;
				GCC_WARN_UNDECLARED_SELECTOR = YES;
				GCC_WARN_UNINITIALIZED_AUTOS = YES_AGGRESSIVE;
				GCC_WARN_UNUSED_FUNCTION = YES;
				GCC_WARN_UNUSED_VARIABLE = YES;
				IPHONEOS_DEPLOYMENT_TARGET = 14.5;
				MTL_ENABLE_DEBUG_INFO = INCLUDE_SOURCE;
				MTL_FAST_MATH = YES;
				ONLY_ACTIVE_ARCH = YES;
				SDKROOT = iphoneos;
				SWIFT_ACTIVE_COMPILATION_CONDITIONS = DEBUG;
				SWIFT_OPTIMIZATION_LEVEL = "-Onone";
			};
			name = Debug;
		};
		97843B3D26C4BD0600903CA4 /* Release */ = {
			isa = XCBuildConfiguration;
			buildSettings = {
				ALWAYS_SEARCH_USER_PATHS = NO;
				CLANG_ANALYZER_NONNULL = YES;
				CLANG_ANALYZER_NUMBER_OBJECT_CONVERSION = YES_AGGRESSIVE;
				CLANG_CXX_LANGUAGE_STANDARD = "gnu++14";
				CLANG_CXX_LIBRARY = "libc++";
				CLANG_ENABLE_MODULES = YES;
				CLANG_ENABLE_OBJC_ARC = YES;
				CLANG_ENABLE_OBJC_WEAK = YES;
				CLANG_WARN_BLOCK_CAPTURE_AUTORELEASING = YES;
				CLANG_WARN_BOOL_CONVERSION = YES;
				CLANG_WARN_COMMA = YES;
				CLANG_WARN_CONSTANT_CONVERSION = YES;
				CLANG_WARN_DEPRECATED_OBJC_IMPLEMENTATIONS = YES;
				CLANG_WARN_DIRECT_OBJC_ISA_USAGE = YES_ERROR;
				CLANG_WARN_DOCUMENTATION_COMMENTS = YES;
				CLANG_WARN_EMPTY_BODY = YES;
				CLANG_WARN_ENUM_CONVERSION = YES;
				CLANG_WARN_INFINITE_RECURSION = YES;
				CLANG_WARN_INT_CONVERSION = YES;
				CLANG_WARN_NON_LITERAL_NULL_CONVERSION = YES;
				CLANG_WARN_OBJC_IMPLICIT_RETAIN_SELF = YES;
				CLANG_WARN_OBJC_LITERAL_CONVERSION = YES;
				CLANG_WARN_OBJC_ROOT_CLASS = YES_ERROR;
				CLANG_WARN_QUOTED_INCLUDE_IN_FRAMEWORK_HEADER = YES;
				CLANG_WARN_RANGE_LOOP_ANALYSIS = YES;
				CLANG_WARN_STRICT_PROTOTYPES = YES;
				CLANG_WARN_SUSPICIOUS_MOVE = YES;
				CLANG_WARN_UNGUARDED_AVAILABILITY = YES_AGGRESSIVE;
				CLANG_WARN_UNREACHABLE_CODE = YES;
				CLANG_WARN__DUPLICATE_METHOD_MATCH = YES;
				COPY_PHASE_STRIP = NO;
				DEBUG_INFORMATION_FORMAT = "dwarf-with-dsym";
				ENABLE_NS_ASSERTIONS = NO;
				ENABLE_STRICT_OBJC_MSGSEND = YES;
				GCC_C_LANGUAGE_STANDARD = gnu11;
				GCC_NO_COMMON_BLOCKS = YES;
				GCC_WARN_64_TO_32_BIT_CONVERSION = YES;
				GCC_WARN_ABOUT_RETURN_TYPE = YES_ERROR;
				GCC_WARN_UNDECLARED_SELECTOR = YES;
				GCC_WARN_UNINITIALIZED_AUTOS = YES_AGGRESSIVE;
				GCC_WARN_UNUSED_FUNCTION = YES;
				GCC_WARN_UNUSED_VARIABLE = YES;
				IPHONEOS_DEPLOYMENT_TARGET = 14.5;
				MTL_ENABLE_DEBUG_INFO = NO;
				MTL_FAST_MATH = YES;
				SDKROOT = iphoneos;
				SWIFT_COMPILATION_MODE = wholemodule;
				SWIFT_OPTIMIZATION_LEVEL = "-O";
				VALIDATE_PRODUCT = YES;
			};
			name = Release;
		};
		97843B3F26C4BD0600903CA4 /* Debug */ = {
			isa = XCBuildConfiguration;
			buildSettings = {
				ASSETCATALOG_COMPILER_APPICON_NAME = AppIcon;
				ASSETCATALOG_COMPILER_GLOBAL_ACCENT_COLOR_NAME = AccentColor;
				CODE_SIGN_STYLE = Automatic;
				INFOPLIST_FILE = MoviePlayer/Info.plist;
				LD_RUNPATH_SEARCH_PATHS = (
					"$(inherited)",
					"@executable_path/Frameworks",
				);
				PRODUCT_BUNDLE_IDENTIFIER = net.macnpc.MoviePlayer;
				PRODUCT_NAME = "$(TARGET_NAME)";
				SWIFT_VERSION = 5.0;
				TARGETED_DEVICE_FAMILY = "1,2";
			};
			name = Debug;
		};
		97843B4026C4BD0600903CA4 /* Release */ = {
			isa = XCBuildConfiguration;
			buildSettings = {
				ASSETCATALOG_COMPILER_APPICON_NAME = AppIcon;
				ASSETCATALOG_COMPILER_GLOBAL_ACCENT_COLOR_NAME = AccentColor;
				CODE_SIGN_STYLE = Automatic;
				INFOPLIST_FILE = MoviePlayer/Info.plist;
				LD_RUNPATH_SEARCH_PATHS = (
					"$(inherited)",
					"@executable_path/Frameworks",
				);
				PRODUCT_BUNDLE_IDENTIFIER = net.macnpc.MoviePlayer;
				PRODUCT_NAME = "$(TARGET_NAME)";
				SWIFT_VERSION = 5.0;
				TARGETED_DEVICE_FAMILY = "1,2";
			};
			name = Release;
		};
/* End XCBuildConfiguration section */

/* Begin XCConfigurationList section */
		97843B2526C4BD0500903CA4 /* Build configuration list for PBXProject "MoviePlayerMission" */ = {
			isa = XCConfigurationList;
			buildConfigurations = (
				97843B3C26C4BD0600903CA4 /* Debug */,
				97843B3D26C4BD0600903CA4 /* Release */,
			);
			defaultConfigurationIsVisible = 0;
			defaultConfigurationName = Release;
		};
		97843B3E26C4BD0600903CA4 /* Build configuration list for PBXNativeTarget "MoviePlayerMission" */ = {
			isa = XCConfigurationList;
			buildConfigurations = (
				97843B3F26C4BD0600903CA4 /* Debug */,
				97843B4026C4BD0600903CA4 /* Release */,
			);
			defaultConfigurationIsVisible = 0;
			defaultConfigurationName = Release;
		};
/* End XCConfigurationList section */
	};
	rootObject = 97843B2226C4BD0500903CA4 /* Project object */;
}
