// !$*UTF8*$!
{
	archiveVersion = 1;
	classes = {
	};
	objectVersion = 50;
	objects = {

/* Begin PBXBuildFile section */
		973FA66826A5AAFC003A168A /* AppDelegate.swift in Sources */ = {isa = PBXBuildFile; fileRef = 973FA66726A5AAFC003A168A /* AppDelegate.swift */; };
		973FA66A26A5AAFC003A168A /* SceneDelegate.swift in Sources */ = {isa = PBXBuildFile; fileRef = 973FA66926A5AAFC003A168A /* SceneDelegate.swift */; };
		973FA66C26A5AAFC003A168A /* ViewController.swift in Sources */ = {isa = PBXBuildFile; fileRef = 973FA66B26A5AAFC003A168A /* ViewController.swift */; };
		973FA66F26A5AAFC003A168A /* Main.storyboard in Resources */ = {isa = PBXBuildFile; fileRef = 973FA66D26A5AAFC003A168A /* Main.storyboard */; };
		973FA67126A5AAFD003A168A /* Assets.xcassets in Resources */ = {isa = PBXBuildFile; fileRef = 973FA67026A5AAFD003A168A /* Assets.xcassets */; };
		973FA67426A5AAFD003A168A /* LaunchScreen.storyboard in Resources */ = {isa = PBXBuildFile; fileRef = 973FA67226A5AAFD003A168A /* LaunchScreen.storyboard */; };
		973FA68126A5ABD8003A168A /* lamp_on.png in Resources */ = {isa = PBXBuildFile; fileRef = 973FA67F26A5ABD8003A168A /* lamp_on.png */; };
		973FA68226A5ABD8003A168A /* lamp_off.png in Resources */ = {isa = PBXBuildFile; fileRef = 973FA68026A5ABD8003A168A /* lamp_off.png */; };
		97A123AF26B018D5004F2794 /* 2.jpg in Resources */ = {isa = PBXBuildFile; fileRef = 97A123AB26B018D5004F2794 /* 2.jpg */; };
		97A123B026B018D5004F2794 /* 4.jpg in Resources */ = {isa = PBXBuildFile; fileRef = 97A123AC26B018D5004F2794 /* 4.jpg */; };
		97A123B126B018D5004F2794 /* 1.jpg in Resources */ = {isa = PBXBuildFile; fileRef = 97A123AD26B018D5004F2794 /* 1.jpg */; };
		97A123B226B018D5004F2794 /* 3.jpg in Resources */ = {isa = PBXBuildFile; fileRef = 97A123AE26B018D5004F2794 /* 3.jpg */; };
/* End PBXBuildFile section */

/* Begin PBXFileReference section */
		973FA66426A5AAFC003A168A /* ImageView.app */ = {isa = PBXFileReference; explicitFileType = wrapper.application; includeInIndex = 0; path = ImageView.app; sourceTree = BUILT_PRODUCTS_DIR; };
		973FA66726A5AAFC003A168A /* AppDelegate.swift */ = {isa = PBXFileReference; lastKnownFileType = sourcecode.swift; path = AppDelegate.swift; sourceTree = "<group>"; };
		973FA66926A5AAFC003A168A /* SceneDelegate.swift */ = {isa = PBXFileReference; lastKnownFileType = sourcecode.swift; path = SceneDelegate.swift; sourceTree = "<group>"; };
		973FA66B26A5AAFC003A168A /* ViewController.swift */ = {isa = PBXFileReference; lastKnownFileType = sourcecode.swift; path = ViewController.swift; sourceTree = "<group>"; };
		973FA66E26A5AAFC003A168A /* Base */ = {isa = PBXFileReference; lastKnownFileType = file.storyboard; name = Base; path = Base.lproj/Main.storyboard; sourceTree = "<group>"; };
		973FA67026A5AAFD003A168A /* Assets.xcassets */ = {isa = PBXFileReference; lastKnownFileType = folder.assetcatalog; path = Assets.xcassets; sourceTree = "<group>"; };
		973FA67326A5AAFD003A168A /* Base */ = {isa = PBXFileReference; lastKnownFileType = file.storyboard; name = Base; path = Base.lproj/LaunchScreen.storyboard; sourceTree = "<group>"; };
		973FA67526A5AAFD003A168A /* Info.plist */ = {isa = PBXFileReference; lastKnownFileType = text.plist.xml; path = Info.plist; sourceTree = "<group>"; };
		973FA67F26A5ABD8003A168A /* lamp_on.png */ = {isa = PBXFileReference; lastKnownFileType = image.png; path = lamp_on.png; sourceTree = "<group>"; };
		973FA68026A5ABD8003A168A /* lamp_off.png */ = {isa = PBXFileReference; lastKnownFileType = image.png; path = lamp_off.png; sourceTree = "<group>"; };
		97A123AB26B018D5004F2794 /* 2.jpg */ = {isa = PBXFileReference; lastKnownFileType = image.jpeg; path = 2.jpg; sourceTree = "<group>"; };
		97A123AC26B018D5004F2794 /* 4.jpg */ = {isa = PBXFileReference; lastKnownFileType = image.jpeg; path = 4.jpg; sourceTree = "<group>"; };
		97A123AD26B018D5004F2794 /* 1.jpg */ = {isa = PBXFileReference; lastKnownFileType = image.jpeg; path = 1.jpg; sourceTree = "<group>"; };
		97A123AE26B018D5004F2794 /* 3.jpg */ = {isa = PBXFileReference; lastKnownFileType = image.jpeg; path = 3.jpg; sourceTree = "<group>"; };
/* End PBXFileReference section */

/* Begin PBXFrameworksBuildPhase section */
		973FA66126A5AAFC003A168A /* Frameworks */ = {
			isa = PBXFrameworksBuildPhase;
			buildActionMask = 2147483647;
			files = (
			);
			runOnlyForDeploymentPostprocessing = 0;
		};
/* End PBXFrameworksBuildPhase section */

/* Begin PBXGroup section */
		973FA65B26A5AAFC003A168A = {
			isa = PBXGroup;
			children = (
				973FA66626A5AAFC003A168A /* ImageView */,
				973FA66526A5AAFC003A168A /* Products */,
			);
			sourceTree = "<group>";
		};
		973FA66526A5AAFC003A168A /* Products */ = {
			isa = PBXGroup;
			children = (
				973FA66426A5AAFC003A168A /* ImageView.app */,
			);
			name = Products;
			sourceTree = "<group>";
		};
		973FA66626A5AAFC003A168A /* ImageView */ = {
			isa = PBXGroup;
			children = (
				97A123AD26B018D5004F2794 /* 1.jpg */,
				97A123AB26B018D5004F2794 /* 2.jpg */,
				97A123AE26B018D5004F2794 /* 3.jpg */,
				97A123AC26B018D5004F2794 /* 4.jpg */,
				973FA66726A5AAFC003A168A /* AppDelegate.swift */,
				973FA66926A5AAFC003A168A /* SceneDelegate.swift */,
				973FA66B26A5AAFC003A168A /* ViewController.swift */,
				973FA66D26A5AAFC003A168A /* Main.storyboard */,
				973FA67026A5AAFD003A168A /* Assets.xcassets */,
				973FA67226A5AAFD003A168A /* LaunchScreen.storyboard */,
				973FA67526A5AAFD003A168A /* Info.plist */,
				973FA68026A5ABD8003A168A /* lamp_off.png */,
				973FA67F26A5ABD8003A168A /* lamp_on.png */,
			);
			path = ImageView;
			sourceTree = "<group>";
		};
/* End PBXGroup section */

/* Begin PBXNativeTarget section */
		973FA66326A5AAFC003A168A /* ImageView */ = {
			isa = PBXNativeTarget;
			buildConfigurationList = 973FA67826A5AAFD003A168A /* Build configuration list for PBXNativeTarget "ImageView" */;
			buildPhases = (
				973FA66026A5AAFC003A168A /* Sources */,
				973FA66126A5AAFC003A168A /* Frameworks */,
				973FA66226A5AAFC003A168A /* Resources */,
			);
			buildRules = (
			);
			dependencies = (
			);
			name = ImageView;
			productName = ImageView;
			productReference = 973FA66426A5AAFC003A168A /* ImageView.app */;
			productType = "com.apple.product-type.application";
		};
/* End PBXNativeTarget section */

/* Begin PBXProject section */
		973FA65C26A5AAFC003A168A /* Project object */ = {
			isa = PBXProject;
			attributes = {
				LastSwiftUpdateCheck = 1250;
				LastUpgradeCheck = 1250;
				TargetAttributes = {
					973FA66326A5AAFC003A168A = {
						CreatedOnToolsVersion = 12.5.1;
					};
				};
			};
			buildConfigurationList = 973FA65F26A5AAFC003A168A /* Build configuration list for PBXProject "ImageView" */;
			compatibilityVersion = "Xcode 9.3";
			developmentRegion = en;
			hasScannedForEncodings = 0;
			knownRegions = (
				en,
				Base,
			);
			mainGroup = 973FA65B26A5AAFC003A168A;
			productRefGroup = 973FA66526A5AAFC003A168A /* Products */;
			projectDirPath = "";
			projectRoot = "";
			targets = (
				973FA66326A5AAFC003A168A /* ImageView */,
			);
		};
/* End PBXProject section */

/* Begin PBXResourcesBuildPhase section */
		973FA66226A5AAFC003A168A /* Resources */ = {
			isa = PBXResourcesBuildPhase;
			buildActionMask = 2147483647;
			files = (
				97A123B226B018D5004F2794 /* 3.jpg in Resources */,
				97A123AF26B018D5004F2794 /* 2.jpg in Resources */,
				97A123B026B018D5004F2794 /* 4.jpg in Resources */,
				973FA68126A5ABD8003A168A /* lamp_on.png in Resources */,
				973FA67426A5AAFD003A168A /* LaunchScreen.storyboard in Resources */,
				973FA68226A5ABD8003A168A /* lamp_off.png in Resources */,
				97A123B126B018D5004F2794 /* 1.jpg in Resources */,
				973FA67126A5AAFD003A168A /* Assets.xcassets in Resources */,
				973FA66F26A5AAFC003A168A /* Main.storyboard in Resources */,
			);
			runOnlyForDeploymentPostprocessing = 0;
		};
/* End PBXResourcesBuildPhase section */

/* Begin PBXSourcesBuildPhase section */
		973FA66026A5AAFC003A168A /* Sources */ = {
			isa = PBXSourcesBuildPhase;
			buildActionMask = 2147483647;
			files = (
				973FA66C26A5AAFC003A168A /* ViewController.swift in Sources */,
				973FA66826A5AAFC003A168A /* AppDelegate.swift in Sources */,
				973FA66A26A5AAFC003A168A /* SceneDelegate.swift in Sources */,
			);
			runOnlyForDeploymentPostprocessing = 0;
		};
/* End PBXSourcesBuildPhase section */

/* Begin PBXVariantGroup section */
		973FA66D26A5AAFC003A168A /* Main.storyboard */ = {
			isa = PBXVariantGroup;
			children = (
				973FA66E26A5AAFC003A168A /* Base */,
			);
			name = Main.storyboard;
			sourceTree = "<group>";
		};
		973FA67226A5AAFD003A168A /* LaunchScreen.storyboard */ = {
			isa = PBXVariantGroup;
			children = (
				973FA67326A5AAFD003A168A /* Base */,
			);
			name = LaunchScreen.storyboard;
			sourceTree = "<group>";
		};
/* End PBXVariantGroup section */

/* Begin XCBuildConfiguration section */
		973FA67626A5AAFD003A168A /* Debug */ = {
			isa = XCBuildConfiguration;
			buildSettings = {
				ALWAYS_SEARCH_USER_PATHS = NO;
				CLANG_ANALYZER_NONNULL = YES;
				CLANG_ANALYZER_NUMBER_OBJECT_CONVERSION = YES_AGGRESSIVE;
				CLANG_CXX_LANGUAGE_STANDARD = "gnu++14";
				CLANG_CXX_LIBRARY = "libc++";
				CLANG_ENABLE_MODULES = YES;
				CLANG_ENABLE_OBJC_ARC = YES;
				CLANG_ENABLE_OBJC_WEAK = YES;
				CLANG_WARN_BLOCK_CAPTURE_AUTORELEASING = YES;
				CLANG_WARN_BOOL_CONVERSION = YES;
				CLANG_WARN_COMMA = YES;
				CLANG_WARN_CONSTANT_CONVERSION = YES;
				CLANG_WARN_DEPRECATED_OBJC_IMPLEMENTATIONS = YES;
				CLANG_WARN_DIRECT_OBJC_ISA_USAGE = YES_ERROR;
				CLANG_WARN_DOCUMENTATION_COMMENTS = YES;
				CLANG_WARN_EMPTY_BODY = YES;
				CLANG_WARN_ENUM_CONVERSION = YES;
				CLANG_WARN_INFINITE_RECURSION = YES;
				CLANG_WARN_INT_CONVERSION = YES;
				CLANG_WARN_NON_LITERAL_NULL_CONVERSION = YES;
				CLANG_WARN_OBJC_IMPLICIT_RETAIN_SELF = YES;
				CLANG_WARN_OBJC_LITERAL_CONVERSION = YES;
				CLANG_WARN_OBJC_ROOT_CLASS = YES_ERROR;
				CLANG_WARN_QUOTED_INCLUDE_IN_FRAMEWORK_HEADER = YES;
				CLANG_WARN_RANGE_LOOP_ANALYSIS = YES;
				CLANG_WARN_STRICT_PROTOTYPES = YES;
				CLANG_WARN_SUSPICIOUS_MOVE = YES;
				CLANG_WARN_UNGUARDED_AVAILABILITY = YES_AGGRESSIVE;
				CLANG_WARN_UNREACHABLE_CODE = YES;
				CLANG_WARN__DUPLICATE_METHOD_MATCH = YES;
				COPY_PHASE_STRIP = NO;
				DEBUG_INFORMATION_FORMAT = dwarf;
				ENABLE_STRICT_OBJC_MSGSEND = YES;
				ENABLE_TESTABILITY = YES;
				GCC_C_LANGUAGE_STANDARD = gnu11;
				GCC_DYNAMIC_NO_PIC = NO;
				GCC_NO_COMMON_BLOCKS = YES;
				GCC_OPTIMIZATION_LEVEL = 0;
				GCC_PREPROCESSOR_DEFINITIONS = (
					"DEBUG=1",
					"$(inherited)",
				);
				GCC_WARN_64_TO_32_BIT_CONVERSION = YES;
				GCC_WARN_ABOUT_RETURN_TYPE = YES_ERROR;
				GCC_WARN_UNDECLARED_SELECTOR = YES;
				GCC_WARN_UNINITIALIZED_AUTOS = YES_AGGRESSIVE;
				GCC_WARN_UNUSED_FUNCTION = YES;
				GCC_WARN_UNUSED_VARIABLE = YES;
				IPHONEOS_DEPLOYMENT_TARGET = 14.5;
				MTL_ENABLE_DEBUG_INFO = INCLUDE_SOURCE;
				MTL_FAST_MATH = YES;
				ONLY_ACTIVE_ARCH = YES;
				SDKROOT = iphoneos;
				SWIFT_ACTIVE_COMPILATION_CONDITIONS = DEBUG;
				SWIFT_OPTIMIZATION_LEVEL = "-Onone";
			};
			name = Debug;
		};
		973FA67726A5AAFD003A168A /* Release */ = {
			isa = XCBuildConfiguration;
			buildSettings = {
				ALWAYS_SEARCH_USER_PATHS = NO;
				CLANG_ANALYZER_NONNULL = YES;
				CLANG_ANALYZER_NUMBER_OBJECT_CONVERSION = YES_AGGRESSIVE;
				CLANG_CXX_LANGUAGE_STANDARD = "gnu++14";
				CLANG_CXX_LIBRARY = "libc++";
				CLANG_ENABLE_MODULES = YES;
				CLANG_ENABLE_OBJC_ARC = YES;
				CLANG_ENABLE_OBJC_WEAK = YES;
				CLANG_WARN_BLOCK_CAPTURE_AUTORELEASING = YES;
				CLANG_WARN_BOOL_CONVERSION = YES;
				CLANG_WARN_COMMA = YES;
				CLANG_WARN_CONSTANT_CONVERSION = YES;
				CLANG_WARN_DEPRECATED_OBJC_IMPLEMENTATIONS = YES;
				CLANG_WARN_DIRECT_OBJC_ISA_USAGE = YES_ERROR;
				CLANG_WARN_DOCUMENTATION_COMMENTS = YES;
				CLANG_WARN_EMPTY_BODY = YES;
				CLANG_WARN_ENUM_CONVERSION = YES;
				CLANG_WARN_INFINITE_RECURSION = YES;
				CLANG_WARN_INT_CONVERSION = YES;
				CLANG_WARN_NON_LITERAL_NULL_CONVERSION = YES;
				CLANG_WARN_OBJC_IMPLICIT_RETAIN_SELF = YES;
				CLANG_WARN_OBJC_LITERAL_CONVERSION = YES;
				CLANG_WARN_OBJC_ROOT_CLASS = YES_ERROR;
				CLANG_WARN_QUOTED_INCLUDE_IN_FRAMEWORK_HEADER = YES;
				CLANG_WARN_RANGE_LOOP_ANALYSIS = YES;
				CLANG_WARN_STRICT_PROTOTYPES = YES;
				CLANG_WARN_SUSPICIOUS_MOVE = YES;
				CLANG_WARN_UNGUARDED_AVAILABILITY = YES_AGGRESSIVE;
				CLANG_WARN_UNREACHABLE_CODE = YES;
				CLANG_WARN__DUPLICATE_METHOD_MATCH = YES;
				COPY_PHASE_STRIP = NO;
				DEBUG_INFORMATION_FORMAT = "dwarf-with-dsym";
				ENABLE_NS_ASSERTIONS = NO;
				ENABLE_STRICT_OBJC_MSGSEND = YES;
				GCC_C_LANGUAGE_STANDARD = gnu11;
				GCC_NO_COMMON_BLOCKS = YES;
				GCC_WARN_64_TO_32_BIT_CONVERSION = YES;
				GCC_WARN_ABOUT_RETURN_TYPE = YES_ERROR;
				GCC_WARN_UNDECLARED_SELECTOR = YES;
				GCC_WARN_UNINITIALIZED_AUTOS = YES_AGGRESSIVE;
				GCC_WARN_UNUSED_FUNCTION = YES;
				GCC_WARN_UNUSED_VARIABLE = YES;
				IPHONEOS_DEPLOYMENT_TARGET = 14.5;
				MTL_ENABLE_DEBUG_INFO = NO;
				MTL_FAST_MATH = YES;
				SDKROOT = iphoneos;
				SWIFT_COMPILATION_MODE = wholemodule;
				SWIFT_OPTIMIZATION_LEVEL = "-O";
				VALIDATE_PRODUCT = YES;
			};
			name = Release;
		};
		973FA67926A5AAFD003A168A /* Debug */ = {
			isa = XCBuildConfiguration;
			buildSettings = {
				ASSETCATALOG_COMPILER_APPICON_NAME = AppIcon;
				ASSETCATALOG_COMPILER_GLOBAL_ACCENT_COLOR_NAME = AccentColor;
				CODE_SIGN_STYLE = Automatic;
				INFOPLIST_FILE = ImageView/Info.plist;
				LD_RUNPATH_SEARCH_PATHS = (
					"$(inherited)",
					"@executable_path/Frameworks",
				);
				PRODUCT_BUNDLE_IDENTIFIER = net.macnpc.ImageView;
				PRODUCT_NAME = "$(TARGET_NAME)";
				SWIFT_VERSION = 5.0;
				TARGETED_DEVICE_FAMILY = "1,2";
			};
			name = Debug;
		};
		973FA67A26A5AAFD003A168A /* Release */ = {
			isa = XCBuildConfiguration;
			buildSettings = {
				ASSETCATALOG_COMPILER_APPICON_NAME = AppIcon;
				ASSETCATALOG_COMPILER_GLOBAL_ACCENT_COLOR_NAME = AccentColor;
				CODE_SIGN_STYLE = Automatic;
				INFOPLIST_FILE = ImageView/Info.plist;
				LD_RUNPATH_SEARCH_PATHS = (
					"$(inherited)",
					"@executable_path/Frameworks",
				);
				PRODUCT_BUNDLE_IDENTIFIER = net.macnpc.ImageView;
				PRODUCT_NAME = "$(TARGET_NAME)";
				SWIFT_VERSION = 5.0;
				TARGETED_DEVICE_FAMILY = "1,2";
			};
			name = Release;
		};
/* End XCBuildConfiguration section */

/* Begin XCConfigurationList section */
		973FA65F26A5AAFC003A168A /* Build configuration list for PBXProject "ImageView" */ = {
			isa = XCConfigurationList;
			buildConfigurations = (
				973FA67626A5AAFD003A168A /* Debug */,
				973FA67726A5AAFD003A168A /* Release */,
			);
			defaultConfigurationIsVisible = 0;
			defaultConfigurationName = Release;
		};
		973FA67826A5AAFD003A168A /* Build configuration list for PBXNativeTarget "ImageView" */ = {
			isa = XCConfigurationList;
			buildConfigurations = (
				973FA67926A5AAFD003A168A /* Debug */,
				973FA67A26A5AAFD003A168A /* Release */,
			);
			defaultConfigurationIsVisible = 0;
			defaultConfigurationName = Release;
		};
/* End XCConfigurationList section */
	};
	rootObject = 973FA65C26A5AAFC003A168A /* Project object */;
}
