// !$*UTF8*$!
{
	archiveVersion = 1;
	classes = {
	};
	objectVersion = 50;
	objects = {

/* Begin PBXBuildFile section */
		9711E12326EE0F200035604A /* 01.png in Resources */ = {isa = PBXBuildFile; fileRef = 9711E11D26EE0F200035604A /* 01.png */; };
		9711E12426EE0F200035604A /* 04.png in Resources */ = {isa = PBXBuildFile; fileRef = 9711E11E26EE0F200035604A /* 04.png */; };
		9711E12526EE0F200035604A /* 02.png in Resources */ = {isa = PBXBuildFile; fileRef = 9711E11F26EE0F200035604A /* 02.png */; };
		9711E12626EE0F200035604A /* 05.png in Resources */ = {isa = PBXBuildFile; fileRef = 9711E12026EE0F200035604A /* 05.png */; };
		9711E12726EE0F200035604A /* 06.png in Resources */ = {isa = PBXBuildFile; fileRef = 9711E12126EE0F200035604A /* 06.png */; };
		9711E12826EE0F200035604A /* 03.png in Resources */ = {isa = PBXBuildFile; fileRef = 9711E12226EE0F200035604A /* 03.png */; };
		97216B2B26CF73DF00B91295 /* AppDelegate.swift in Sources */ = {isa = PBXBuildFile; fileRef = 97216B2A26CF73DF00B91295 /* AppDelegate.swift */; };
		97216B2D26CF73DF00B91295 /* SceneDelegate.swift in Sources */ = {isa = PBXBuildFile; fileRef = 97216B2C26CF73DF00B91295 /* SceneDelegate.swift */; };
		97216B2F26CF73DF00B91295 /* ViewController.swift in Sources */ = {isa = PBXBuildFile; fileRef = 97216B2E26CF73DF00B91295 /* ViewController.swift */; };
		97216B3226CF73DF00B91295 /* Main.storyboard in Resources */ = {isa = PBXBuildFile; fileRef = 97216B3026CF73DF00B91295 /* Main.storyboard */; };
		97216B3426CF73DF00B91295 /* Assets.xcassets in Resources */ = {isa = PBXBuildFile; fileRef = 97216B3326CF73DF00B91295 /* Assets.xcassets */; };
		97216B3726CF73DF00B91295 /* LaunchScreen.storyboard in Resources */ = {isa = PBXBuildFile; fileRef = 97216B3526CF73DF00B91295 /* LaunchScreen.storyboard */; };
/* End PBXBuildFile section */

/* Begin PBXFileReference section */
		9711E11D26EE0F200035604A /* 01.png */ = {isa = PBXFileReference; lastKnownFileType = image.png; path = 01.png; sourceTree = "<group>"; };
		9711E11E26EE0F200035604A /* 04.png */ = {isa = PBXFileReference; lastKnownFileType = image.png; path = 04.png; sourceTree = "<group>"; };
		9711E11F26EE0F200035604A /* 02.png */ = {isa = PBXFileReference; lastKnownFileType = image.png; path = 02.png; sourceTree = "<group>"; };
		9711E12026EE0F200035604A /* 05.png */ = {isa = PBXFileReference; lastKnownFileType = image.png; path = 05.png; sourceTree = "<group>"; };
		9711E12126EE0F200035604A /* 06.png */ = {isa = PBXFileReference; lastKnownFileType = image.png; path = 06.png; sourceTree = "<group>"; };
		9711E12226EE0F200035604A /* 03.png */ = {isa = PBXFileReference; lastKnownFileType = image.png; path = 03.png; sourceTree = "<group>"; };
		97216B2726CF73DF00B91295 /* SwipeGestureMission.app */ = {isa = PBXFileReference; explicitFileType = wrapper.application; includeInIndex = 0; path = SwipeGestureMission.app; sourceTree = BUILT_PRODUCTS_DIR; };
		97216B2A26CF73DF00B91295 /* AppDelegate.swift */ = {isa = PBXFileReference; lastKnownFileType = sourcecode.swift; path = AppDelegate.swift; sourceTree = "<group>"; };
		97216B2C26CF73DF00B91295 /* SceneDelegate.swift */ = {isa = PBXFileReference; lastKnownFileType = sourcecode.swift; path = SceneDelegate.swift; sourceTree = "<group>"; };
		97216B2E26CF73DF00B91295 /* ViewController.swift */ = {isa = PBXFileReference; lastKnownFileType = sourcecode.swift; path = ViewController.swift; sourceTree = "<group>"; };
		97216B3126CF73DF00B91295 /* Base */ = {isa = PBXFileReference; lastKnownFileType = file.storyboard; name = Base; path = Base.lproj/Main.storyboard; sourceTree = "<group>"; };
		97216B3326CF73DF00B91295 /* Assets.xcassets */ = {isa = PBXFileReference; lastKnownFileType = folder.assetcatalog; path = Assets.xcassets; sourceTree = "<group>"; };
		97216B3626CF73DF00B91295 /* Base */ = {isa = PBXFileReference; lastKnownFileType = file.storyboard; name = Base; path = Base.lproj/LaunchScreen.storyboard; sourceTree = "<group>"; };
		97216B3826CF73DF00B91295 /* Info.plist */ = {isa = PBXFileReference; lastKnownFileType = text.plist.xml; path = Info.plist; sourceTree = "<group>"; };
/* End PBXFileReference section */

/* Begin PBXFrameworksBuildPhase section */
		97216B2426CF73DF00B91295 /* Frameworks */ = {
			isa = PBXFrameworksBuildPhase;
			buildActionMask = 2147483647;
			files = (
			);
			runOnlyForDeploymentPostprocessing = 0;
		};
/* End PBXFrameworksBuildPhase section */

/* Begin PBXGroup section */
		97216B1E26CF73DF00B91295 = {
			isa = PBXGroup;
			children = (
				97216B2926CF73DF00B91295 /* SwipeGesture */,
				97216B2826CF73DF00B91295 /* Products */,
			);
			sourceTree = "<group>";
		};
		97216B2826CF73DF00B91295 /* Products */ = {
			isa = PBXGroup;
			children = (
				97216B2726CF73DF00B91295 /* SwipeGestureMission.app */,
			);
			name = Products;
			sourceTree = "<group>";
		};
		97216B2926CF73DF00B91295 /* SwipeGesture */ = {
			isa = PBXGroup;
			children = (
				97216B3E26CF73F600B91295 /* images */,
				97216B2A26CF73DF00B91295 /* AppDelegate.swift */,
				97216B2C26CF73DF00B91295 /* SceneDelegate.swift */,
				97216B2E26CF73DF00B91295 /* ViewController.swift */,
				97216B3026CF73DF00B91295 /* Main.storyboard */,
				97216B3326CF73DF00B91295 /* Assets.xcassets */,
				97216B3526CF73DF00B91295 /* LaunchScreen.storyboard */,
				97216B3826CF73DF00B91295 /* Info.plist */,
			);
			path = SwipeGesture;
			sourceTree = "<group>";
		};
		97216B3E26CF73F600B91295 /* images */ = {
			isa = PBXGroup;
			children = (
				9711E11D26EE0F200035604A /* 01.png */,
				9711E12226EE0F200035604A /* 03.png */,
				9711E11E26EE0F200035604A /* 04.png */,
				9711E11F26EE0F200035604A /* 02.png */,
				9711E12026EE0F200035604A /* 05.png */,
				9711E12126EE0F200035604A /* 06.png */,
			);
			path = images;
			sourceTree = "<group>";
		};
/* End PBXGroup section */

/* Begin PBXNativeTarget section */
		97216B2626CF73DF00B91295 /* SwipeGestureMission */ = {
			isa = PBXNativeTarget;
			buildConfigurationList = 97216B3B26CF73DF00B91295 /* Build configuration list for PBXNativeTarget "SwipeGestureMission" */;
			buildPhases = (
				97216B2326CF73DF00B91295 /* Sources */,
				97216B2426CF73DF00B91295 /* Frameworks */,
				97216B2526CF73DF00B91295 /* Resources */,
			);
			buildRules = (
			);
			dependencies = (
			);
			name = SwipeGestureMission;
			productName = SwipeGesture;
			productReference = 97216B2726CF73DF00B91295 /* SwipeGestureMission.app */;
			productType = "com.apple.product-type.application";
		};
/* End PBXNativeTarget section */

/* Begin PBXProject section */
		97216B1F26CF73DF00B91295 /* Project object */ = {
			isa = PBXProject;
			attributes = {
				LastSwiftUpdateCheck = 1250;
				LastUpgradeCheck = 1250;
				TargetAttributes = {
					97216B2626CF73DF00B91295 = {
						CreatedOnToolsVersion = 12.5.1;
					};
				};
			};
			buildConfigurationList = 97216B2226CF73DF00B91295 /* Build configuration list for PBXProject "SwipeGestureMission" */;
			compatibilityVersion = "Xcode 9.3";
			developmentRegion = en;
			hasScannedForEncodings = 0;
			knownRegions = (
				en,
				Base,
			);
			mainGroup = 97216B1E26CF73DF00B91295;
			productRefGroup = 97216B2826CF73DF00B91295 /* Products */;
			projectDirPath = "";
			projectRoot = "";
			targets = (
				97216B2626CF73DF00B91295 /* SwipeGestureMission */,
			);
		};
/* End PBXProject section */

/* Begin PBXResourcesBuildPhase section */
		97216B2526CF73DF00B91295 /* Resources */ = {
			isa = PBXResourcesBuildPhase;
			buildActionMask = 2147483647;
			files = (
				97216B3726CF73DF00B91295 /* LaunchScreen.storyboard in Resources */,
				9711E12626EE0F200035604A /* 05.png in Resources */,
				9711E12826EE0F200035604A /* 03.png in Resources */,
				97216B3426CF73DF00B91295 /* Assets.xcassets in Resources */,
				9711E12426EE0F200035604A /* 04.png in Resources */,
				9711E12326EE0F200035604A /* 01.png in Resources */,
				9711E12726EE0F200035604A /* 06.png in Resources */,
				97216B3226CF73DF00B91295 /* Main.storyboard in Resources */,
				9711E12526EE0F200035604A /* 02.png in Resources */,
			);
			runOnlyForDeploymentPostprocessing = 0;
		};
/* End PBXResourcesBuildPhase section */

/* Begin PBXSourcesBuildPhase section */
		97216B2326CF73DF00B91295 /* Sources */ = {
			isa = PBXSourcesBuildPhase;
			buildActionMask = 2147483647;
			files = (
				97216B2F26CF73DF00B91295 /* ViewController.swift in Sources */,
				97216B2B26CF73DF00B91295 /* AppDelegate.swift in Sources */,
				97216B2D26CF73DF00B91295 /* SceneDelegate.swift in Sources */,
			);
			runOnlyForDeploymentPostprocessing = 0;
		};
/* End PBXSourcesBuildPhase section */

/* Begin PBXVariantGroup section */
		97216B3026CF73DF00B91295 /* Main.storyboard */ = {
			isa = PBXVariantGroup;
			children = (
				97216B3126CF73DF00B91295 /* Base */,
			);
			name = Main.storyboard;
			sourceTree = "<group>";
		};
		97216B3526CF73DF00B91295 /* LaunchScreen.storyboard */ = {
			isa = PBXVariantGroup;
			children = (
				97216B3626CF73DF00B91295 /* Base */,
			);
			name = LaunchScreen.storyboard;
			sourceTree = "<group>";
		};
/* End PBXVariantGroup section */

/* Begin XCBuildConfiguration section */
		97216B3926CF73DF00B91295 /* Debug */ = {
			isa = XCBuildConfiguration;
			buildSettings = {
				ALWAYS_SEARCH_USER_PATHS = NO;
				CLANG_ANALYZER_NONNULL = YES;
				CLANG_ANALYZER_NUMBER_OBJECT_CONVERSION = YES_AGGRESSIVE;
				CLANG_CXX_LANGUAGE_STANDARD = "gnu++14";
				CLANG_CXX_LIBRARY = "libc++";
				CLANG_ENABLE_MODULES = YES;
				CLANG_ENABLE_OBJC_ARC = YES;
				CLANG_ENABLE_OBJC_WEAK = YES;
				CLANG_WARN_BLOCK_CAPTURE_AUTORELEASING = YES;
				CLANG_WARN_BOOL_CONVERSION = YES;
				CLANG_WARN_COMMA = YES;
				CLANG_WARN_CONSTANT_CONVERSION = YES;
				CLANG_WARN_DEPRECATED_OBJC_IMPLEMENTATIONS = YES;
				CLANG_WARN_DIRECT_OBJC_ISA_USAGE = YES_ERROR;
				CLANG_WARN_DOCUMENTATION_COMMENTS = YES;
				CLANG_WARN_EMPTY_BODY = YES;
				CLANG_WARN_ENUM_CONVERSION = YES;
				CLANG_WARN_INFINITE_RECURSION = YES;
				CLANG_WARN_INT_CONVERSION = YES;
				CLANG_WARN_NON_LITERAL_NULL_CONVERSION = YES;
				CLANG_WARN_OBJC_IMPLICIT_RETAIN_SELF = YES;
				CLANG_WARN_OBJC_LITERAL_CONVERSION = YES;
				CLANG_WARN_OBJC_ROOT_CLASS = YES_ERROR;
				CLANG_WARN_QUOTED_INCLUDE_IN_FRAMEWORK_HEADER = YES;
				CLANG_WARN_RANGE_LOOP_ANALYSIS = YES;
				CLANG_WARN_STRICT_PROTOTYPES = YES;
				CLANG_WARN_SUSPICIOUS_MOVE = YES;
				CLANG_WARN_UNGUARDED_AVAILABILITY = YES_AGGRESSIVE;
				CLANG_WARN_UNREACHABLE_CODE = YES;
				CLANG_WARN__DUPLICATE_METHOD_MATCH = YES;
				COPY_PHASE_STRIP = NO;
				DEBUG_INFORMATION_FORMAT = dwarf;
				ENABLE_STRICT_OBJC_MSGSEND = YES;
				ENABLE_TESTABILITY = YES;
				GCC_C_LANGUAGE_STANDARD = gnu11;
				GCC_DYNAMIC_NO_PIC = NO;
				GCC_NO_COMMON_BLOCKS = YES;
				GCC_OPTIMIZATION_LEVEL = 0;
				GCC_PREPROCESSOR_DEFINITIONS = (
					"DEBUG=1",
					"$(inherited)",
				);
				GCC_WARN_64_TO_32_BIT_CONVERSION = YES;
				GCC_WARN_ABOUT_RETURN_TYPE = YES_ERROR;
				GCC_WARN_UNDECLARED_SELECTOR = YES;
				GCC_WARN_UNINITIALIZED_AUTOS = YES_AGGRESSIVE;
				GCC_WARN_UNUSED_FUNCTION = YES;
				GCC_WARN_UNUSED_VARIABLE = YES;
				IPHONEOS_DEPLOYMENT_TARGET = 14.5;
				MTL_ENABLE_DEBUG_INFO = INCLUDE_SOURCE;
				MTL_FAST_MATH = YES;
				ONLY_ACTIVE_ARCH = YES;
				SDKROOT = iphoneos;
				SWIFT_ACTIVE_COMPILATION_CONDITIONS = DEBUG;
				SWIFT_OPTIMIZATION_LEVEL = "-Onone";
			};
			name = Debug;
		};
		97216B3A26CF73DF00B91295 /* Release */ = {
			isa = XCBuildConfiguration;
			buildSettings = {
				ALWAYS_SEARCH_USER_PATHS = NO;
				CLANG_ANALYZER_NONNULL = YES;
				CLANG_ANALYZER_NUMBER_OBJECT_CONVERSION = YES_AGGRESSIVE;
				CLANG_CXX_LANGUAGE_STANDARD = "gnu++14";
				CLANG_CXX_LIBRARY = "libc++";
				CLANG_ENABLE_MODULES = YES;
				CLANG_ENABLE_OBJC_ARC = YES;
				CLANG_ENABLE_OBJC_WEAK = YES;
				CLANG_WARN_BLOCK_CAPTURE_AUTORELEASING = YES;
				CLANG_WARN_BOOL_CONVERSION = YES;
				CLANG_WARN_COMMA = YES;
				CLANG_WARN_CONSTANT_CONVERSION = YES;
				CLANG_WARN_DEPRECATED_OBJC_IMPLEMENTATIONS = YES;
				CLANG_WARN_DIRECT_OBJC_ISA_USAGE = YES_ERROR;
				CLANG_WARN_DOCUMENTATION_COMMENTS = YES;
				CLANG_WARN_EMPTY_BODY = YES;
				CLANG_WARN_ENUM_CONVERSION = YES;
				CLANG_WARN_INFINITE_RECURSION = YES;
				CLANG_WARN_INT_CONVERSION = YES;
				CLANG_WARN_NON_LITERAL_NULL_CONVERSION = YES;
				CLANG_WARN_OBJC_IMPLICIT_RETAIN_SELF = YES;
				CLANG_WARN_OBJC_LITERAL_CONVERSION = YES;
				CLANG_WARN_OBJC_ROOT_CLASS = YES_ERROR;
				CLANG_WARN_QUOTED_INCLUDE_IN_FRAMEWORK_HEADER = YES;
				CLANG_WARN_RANGE_LOOP_ANALYSIS = YES;
				CLANG_WARN_STRICT_PROTOTYPES = YES;
				CLANG_WARN_SUSPICIOUS_MOVE = YES;
				CLANG_WARN_UNGUARDED_AVAILABILITY = YES_AGGRESSIVE;
				CLANG_WARN_UNREACHABLE_CODE = YES;
				CLANG_WARN__DUPLICATE_METHOD_MATCH = YES;
				COPY_PHASE_STRIP = NO;
				DEBUG_INFORMATION_FORMAT = "dwarf-with-dsym";
				ENABLE_NS_ASSERTIONS = NO;
				ENABLE_STRICT_OBJC_MSGSEND = YES;
				GCC_C_LANGUAGE_STANDARD = gnu11;
				GCC_NO_COMMON_BLOCKS = YES;
				GCC_WARN_64_TO_32_BIT_CONVERSION = YES;
				GCC_WARN_ABOUT_RETURN_TYPE = YES_ERROR;
				GCC_WARN_UNDECLARED_SELECTOR = YES;
				GCC_WARN_UNINITIALIZED_AUTOS = YES_AGGRESSIVE;
				GCC_WARN_UNUSED_FUNCTION = YES;
				GCC_WARN_UNUSED_VARIABLE = YES;
				IPHONEOS_DEPLOYMENT_TARGET = 14.5;
				MTL_ENABLE_DEBUG_INFO = NO;
				MTL_FAST_MATH = YES;
				SDKROOT = iphoneos;
				SWIFT_COMPILATION_MODE = wholemodule;
				SWIFT_OPTIMIZATION_LEVEL = "-O";
				VALIDATE_PRODUCT = YES;
			};
			name = Release;
		};
		97216B3C26CF73DF00B91295 /* Debug */ = {
			isa = XCBuildConfiguration;
			buildSettings = {
				ASSETCATALOG_COMPILER_APPICON_NAME = AppIcon;
				ASSETCATALOG_COMPILER_GLOBAL_ACCENT_COLOR_NAME = AccentColor;
				CODE_SIGN_STYLE = Automatic;
				INFOPLIST_FILE = SwipeGesture/Info.plist;
				LD_RUNPATH_SEARCH_PATHS = (
					"$(inherited)",
					"@executable_path/Frameworks",
				);
				PRODUCT_BUNDLE_IDENTIFIER = net.macnpc.SwipeGesture;
				PRODUCT_NAME = "$(TARGET_NAME)";
				SWIFT_VERSION = 5.0;
				TARGETED_DEVICE_FAMILY = "1,2";
			};
			name = Debug;
		};
		97216B3D26CF73DF00B91295 /* Release */ = {
			isa = XCBuildConfiguration;
			buildSettings = {
				ASSETCATALOG_COMPILER_APPICON_NAME = AppIcon;
				ASSETCATALOG_COMPILER_GLOBAL_ACCENT_COLOR_NAME = AccentColor;
				CODE_SIGN_STYLE = Automatic;
				INFOPLIST_FILE = SwipeGesture/Info.plist;
				LD_RUNPATH_SEARCH_PATHS = (
					"$(inherited)",
					"@executable_path/Frameworks",
				);
				PRODUCT_BUNDLE_IDENTIFIER = net.macnpc.SwipeGesture;
				PRODUCT_NAME = "$(TARGET_NAME)";
				SWIFT_VERSION = 5.0;
				TARGETED_DEVICE_FAMILY = "1,2";
			};
			name = Release;
		};
/* End XCBuildConfiguration section */

/* Begin XCConfigurationList section */
		97216B2226CF73DF00B91295 /* Build configuration list for PBXProject "SwipeGestureMission" */ = {
			isa = XCConfigurationList;
			buildConfigurations = (
				97216B3926CF73DF00B91295 /* Debug */,
				97216B3A26CF73DF00B91295 /* Release */,
			);
			defaultConfigurationIsVisible = 0;
			defaultConfigurationName = Release;
		};
		97216B3B26CF73DF00B91295 /* Build configuration list for PBXNativeTarget "SwipeGestureMission" */ = {
			isa = XCConfigurationList;
			buildConfigurations = (
				97216B3C26CF73DF00B91295 /* Debug */,
				97216B3D26CF73DF00B91295 /* Release */,
			);
			defaultConfigurationIsVisible = 0;
			defaultConfigurationName = Release;
		};
/* End XCConfigurationList section */
	};
	rootObject = 97216B1F26CF73DF00B91295 /* Project object */;
}
