// !$*UTF8*$!
{
	archiveVersion = 1;
	classes = {
	};
	objectVersion = 50;
	objects = {

/* Begin PBXBuildFile section */
		97D6A51E26AECD9E00C2AB87 /* AppDelegate.swift in Sources */ = {isa = PBXBuildFile; fileRef = 97D6A51D26AECD9E00C2AB87 /* AppDelegate.swift */; };
		97D6A52026AECD9E00C2AB87 /* SceneDelegate.swift in Sources */ = {isa = PBXBuildFile; fileRef = 97D6A51F26AECD9E00C2AB87 /* SceneDelegate.swift */; };
		97D6A52226AECD9E00C2AB87 /* ViewController.swift in Sources */ = {isa = PBXBuildFile; fileRef = 97D6A52126AECD9E00C2AB87 /* ViewController.swift */; };
		97D6A52526AECD9E00C2AB87 /* Main.storyboard in Resources */ = {isa = PBXBuildFile; fileRef = 97D6A52326AECD9E00C2AB87 /* Main.storyboard */; };
		97D6A52726AECD9F00C2AB87 /* Assets.xcassets in Resources */ = {isa = PBXBuildFile; fileRef = 97D6A52626AECD9F00C2AB87 /* Assets.xcassets */; };
		97D6A52A26AECD9F00C2AB87 /* LaunchScreen.storyboard in Resources */ = {isa = PBXBuildFile; fileRef = 97D6A52826AECD9F00C2AB87 /* LaunchScreen.storyboard */; };
		97D6A53C26AECE4500C2AB87 /* 1.jpg in Resources */ = {isa = PBXBuildFile; fileRef = 97D6A53226AECE4500C2AB87 /* 1.jpg */; };
		97D6A53D26AECE4500C2AB87 /* 2.jpg in Resources */ = {isa = PBXBuildFile; fileRef = 97D6A53326AECE4500C2AB87 /* 2.jpg */; };
		97D6A53E26AECE4500C2AB87 /* 6.jpg in Resources */ = {isa = PBXBuildFile; fileRef = 97D6A53426AECE4500C2AB87 /* 6.jpg */; };
		97D6A53F26AECE4500C2AB87 /* 4.jpg in Resources */ = {isa = PBXBuildFile; fileRef = 97D6A53526AECE4500C2AB87 /* 4.jpg */; };
		97D6A54026AECE4500C2AB87 /* 3.jpg in Resources */ = {isa = PBXBuildFile; fileRef = 97D6A53626AECE4500C2AB87 /* 3.jpg */; };
		97D6A54126AECE4500C2AB87 /* 5.jpg in Resources */ = {isa = PBXBuildFile; fileRef = 97D6A53726AECE4500C2AB87 /* 5.jpg */; };
		97D6A54226AECE4500C2AB87 /* 8.jpg in Resources */ = {isa = PBXBuildFile; fileRef = 97D6A53826AECE4500C2AB87 /* 8.jpg */; };
		97D6A54326AECE4500C2AB87 /* 9.jpg in Resources */ = {isa = PBXBuildFile; fileRef = 97D6A53926AECE4500C2AB87 /* 9.jpg */; };
		97D6A54426AECE4500C2AB87 /* 7.jpg in Resources */ = {isa = PBXBuildFile; fileRef = 97D6A53A26AECE4500C2AB87 /* 7.jpg */; };
		97D6A54526AECE4500C2AB87 /* 10.jpg in Resources */ = {isa = PBXBuildFile; fileRef = 97D6A53B26AECE4500C2AB87 /* 10.jpg */; };
/* End PBXBuildFile section */

/* Begin PBXFileReference section */
		97D6A51A26AECD9E00C2AB87 /* PickerView.app */ = {isa = PBXFileReference; explicitFileType = wrapper.application; includeInIndex = 0; path = PickerView.app; sourceTree = BUILT_PRODUCTS_DIR; };
		97D6A51D26AECD9E00C2AB87 /* AppDelegate.swift */ = {isa = PBXFileReference; lastKnownFileType = sourcecode.swift; path = AppDelegate.swift; sourceTree = "<group>"; };
		97D6A51F26AECD9E00C2AB87 /* SceneDelegate.swift */ = {isa = PBXFileReference; lastKnownFileType = sourcecode.swift; path = SceneDelegate.swift; sourceTree = "<group>"; };
		97D6A52126AECD9E00C2AB87 /* ViewController.swift */ = {isa = PBXFileReference; lastKnownFileType = sourcecode.swift; path = ViewController.swift; sourceTree = "<group>"; };
		97D6A52426AECD9E00C2AB87 /* Base */ = {isa = PBXFileReference; lastKnownFileType = file.storyboard; name = Base; path = Base.lproj/Main.storyboard; sourceTree = "<group>"; };
		97D6A52626AECD9F00C2AB87 /* Assets.xcassets */ = {isa = PBXFileReference; lastKnownFileType = folder.assetcatalog; path = Assets.xcassets; sourceTree = "<group>"; };
		97D6A52926AECD9F00C2AB87 /* Base */ = {isa = PBXFileReference; lastKnownFileType = file.storyboard; name = Base; path = Base.lproj/LaunchScreen.storyboard; sourceTree = "<group>"; };
		97D6A52B26AECD9F00C2AB87 /* Info.plist */ = {isa = PBXFileReference; lastKnownFileType = text.plist.xml; path = Info.plist; sourceTree = "<group>"; };
		97D6A53226AECE4500C2AB87 /* 1.jpg */ = {isa = PBXFileReference; lastKnownFileType = image.jpeg; path = 1.jpg; sourceTree = "<group>"; };
		97D6A53326AECE4500C2AB87 /* 2.jpg */ = {isa = PBXFileReference; lastKnownFileType = image.jpeg; path = 2.jpg; sourceTree = "<group>"; };
		97D6A53426AECE4500C2AB87 /* 6.jpg */ = {isa = PBXFileReference; lastKnownFileType = image.jpeg; path = 6.jpg; sourceTree = "<group>"; };
		97D6A53526AECE4500C2AB87 /* 4.jpg */ = {isa = PBXFileReference; lastKnownFileType = image.jpeg; path = 4.jpg; sourceTree = "<group>"; };
		97D6A53626AECE4500C2AB87 /* 3.jpg */ = {isa = PBXFileReference; lastKnownFileType = image.jpeg; path = 3.jpg; sourceTree = "<group>"; };
		97D6A53726AECE4500C2AB87 /* 5.jpg */ = {isa = PBXFileReference; lastKnownFileType = image.jpeg; path = 5.jpg; sourceTree = "<group>"; };
		97D6A53826AECE4500C2AB87 /* 8.jpg */ = {isa = PBXFileReference; lastKnownFileType = image.jpeg; path = 8.jpg; sourceTree = "<group>"; };
		97D6A53926AECE4500C2AB87 /* 9.jpg */ = {isa = PBXFileReference; lastKnownFileType = image.jpeg; path = 9.jpg; sourceTree = "<group>"; };
		97D6A53A26AECE4500C2AB87 /* 7.jpg */ = {isa = PBXFileReference; lastKnownFileType = image.jpeg; path = 7.jpg; sourceTree = "<group>"; };
		97D6A53B26AECE4500C2AB87 /* 10.jpg */ = {isa = PBXFileReference; lastKnownFileType = image.jpeg; path = 10.jpg; sourceTree = "<group>"; };
/* End PBXFileReference section */

/* Begin PBXFrameworksBuildPhase section */
		97D6A51726AECD9E00C2AB87 /* Frameworks */ = {
			isa = PBXFrameworksBuildPhase;
			buildActionMask = 2147483647;
			files = (
			);
			runOnlyForDeploymentPostprocessing = 0;
		};
/* End PBXFrameworksBuildPhase section */

/* Begin PBXGroup section */
		97D6A51126AECD9D00C2AB87 = {
			isa = PBXGroup;
			children = (
				97D6A51C26AECD9E00C2AB87 /* PickerView */,
				97D6A51B26AECD9E00C2AB87 /* Products */,
			);
			sourceTree = "<group>";
		};
		97D6A51B26AECD9E00C2AB87 /* Products */ = {
			isa = PBXGroup;
			children = (
				97D6A51A26AECD9E00C2AB87 /* PickerView.app */,
			);
			name = Products;
			sourceTree = "<group>";
		};
		97D6A51C26AECD9E00C2AB87 /* PickerView */ = {
			isa = PBXGroup;
			children = (
				97D6A53126AECDF700C2AB87 /* images */,
				97D6A51D26AECD9E00C2AB87 /* AppDelegate.swift */,
				97D6A51F26AECD9E00C2AB87 /* SceneDelegate.swift */,
				97D6A52126AECD9E00C2AB87 /* ViewController.swift */,
				97D6A52326AECD9E00C2AB87 /* Main.storyboard */,
				97D6A52626AECD9F00C2AB87 /* Assets.xcassets */,
				97D6A52826AECD9F00C2AB87 /* LaunchScreen.storyboard */,
				97D6A52B26AECD9F00C2AB87 /* Info.plist */,
			);
			path = PickerView;
			sourceTree = "<group>";
		};
		97D6A53126AECDF700C2AB87 /* images */ = {
			isa = PBXGroup;
			children = (
				97D6A53226AECE4500C2AB87 /* 1.jpg */,
				97D6A53326AECE4500C2AB87 /* 2.jpg */,
				97D6A53626AECE4500C2AB87 /* 3.jpg */,
				97D6A53526AECE4500C2AB87 /* 4.jpg */,
				97D6A53726AECE4500C2AB87 /* 5.jpg */,
				97D6A53426AECE4500C2AB87 /* 6.jpg */,
				97D6A53A26AECE4500C2AB87 /* 7.jpg */,
				97D6A53826AECE4500C2AB87 /* 8.jpg */,
				97D6A53926AECE4500C2AB87 /* 9.jpg */,
				97D6A53B26AECE4500C2AB87 /* 10.jpg */,
			);
			path = images;
			sourceTree = "<group>";
		};
/* End PBXGroup section */

/* Begin PBXNativeTarget section */
		97D6A51926AECD9E00C2AB87 /* PickerView */ = {
			isa = PBXNativeTarget;
			buildConfigurationList = 97D6A52E26AECD9F00C2AB87 /* Build configuration list for PBXNativeTarget "PickerView" */;
			buildPhases = (
				97D6A51626AECD9E00C2AB87 /* Sources */,
				97D6A51726AECD9E00C2AB87 /* Frameworks */,
				97D6A51826AECD9E00C2AB87 /* Resources */,
			);
			buildRules = (
			);
			dependencies = (
			);
			name = PickerView;
			productName = PickerView;
			productReference = 97D6A51A26AECD9E00C2AB87 /* PickerView.app */;
			productType = "com.apple.product-type.application";
		};
/* End PBXNativeTarget section */

/* Begin PBXProject section */
		97D6A51226AECD9D00C2AB87 /* Project object */ = {
			isa = PBXProject;
			attributes = {
				LastSwiftUpdateCheck = 1250;
				LastUpgradeCheck = 1250;
				TargetAttributes = {
					97D6A51926AECD9E00C2AB87 = {
						CreatedOnToolsVersion = 12.5.1;
					};
				};
			};
			buildConfigurationList = 97D6A51526AECD9D00C2AB87 /* Build configuration list for PBXProject "PickerView" */;
			compatibilityVersion = "Xcode 9.3";
			developmentRegion = en;
			hasScannedForEncodings = 0;
			knownRegions = (
				en,
				Base,
			);
			mainGroup = 97D6A51126AECD9D00C2AB87;
			productRefGroup = 97D6A51B26AECD9E00C2AB87 /* Products */;
			projectDirPath = "";
			projectRoot = "";
			targets = (
				97D6A51926AECD9E00C2AB87 /* PickerView */,
			);
		};
/* End PBXProject section */

/* Begin PBXResourcesBuildPhase section */
		97D6A51826AECD9E00C2AB87 /* Resources */ = {
			isa = PBXResourcesBuildPhase;
			buildActionMask = 2147483647;
			files = (
				97D6A54526AECE4500C2AB87 /* 10.jpg in Resources */,
				97D6A54326AECE4500C2AB87 /* 9.jpg in Resources */,
				97D6A54226AECE4500C2AB87 /* 8.jpg in Resources */,
				97D6A53E26AECE4500C2AB87 /* 6.jpg in Resources */,
				97D6A54426AECE4500C2AB87 /* 7.jpg in Resources */,
				97D6A53F26AECE4500C2AB87 /* 4.jpg in Resources */,
				97D6A52A26AECD9F00C2AB87 /* LaunchScreen.storyboard in Resources */,
				97D6A54126AECE4500C2AB87 /* 5.jpg in Resources */,
				97D6A53C26AECE4500C2AB87 /* 1.jpg in Resources */,
				97D6A53D26AECE4500C2AB87 /* 2.jpg in Resources */,
				97D6A52726AECD9F00C2AB87 /* Assets.xcassets in Resources */,
				97D6A52526AECD9E00C2AB87 /* Main.storyboard in Resources */,
				97D6A54026AECE4500C2AB87 /* 3.jpg in Resources */,
			);
			runOnlyForDeploymentPostprocessing = 0;
		};
/* End PBXResourcesBuildPhase section */

/* Begin PBXSourcesBuildPhase section */
		97D6A51626AECD9E00C2AB87 /* Sources */ = {
			isa = PBXSourcesBuildPhase;
			buildActionMask = 2147483647;
			files = (
				97D6A52226AECD9E00C2AB87 /* ViewController.swift in Sources */,
				97D6A51E26AECD9E00C2AB87 /* AppDelegate.swift in Sources */,
				97D6A52026AECD9E00C2AB87 /* SceneDelegate.swift in Sources */,
			);
			runOnlyForDeploymentPostprocessing = 0;
		};
/* End PBXSourcesBuildPhase section */

/* Begin PBXVariantGroup section */
		97D6A52326AECD9E00C2AB87 /* Main.storyboard */ = {
			isa = PBXVariantGroup;
			children = (
				97D6A52426AECD9E00C2AB87 /* Base */,
			);
			name = Main.storyboard;
			sourceTree = "<group>";
		};
		97D6A52826AECD9F00C2AB87 /* LaunchScreen.storyboard */ = {
			isa = PBXVariantGroup;
			children = (
				97D6A52926AECD9F00C2AB87 /* Base */,
			);
			name = LaunchScreen.storyboard;
			sourceTree = "<group>";
		};
/* End PBXVariantGroup section */

/* Begin XCBuildConfiguration section */
		97D6A52C26AECD9F00C2AB87 /* Debug */ = {
			isa = XCBuildConfiguration;
			buildSettings = {
				ALWAYS_SEARCH_USER_PATHS = NO;
				CLANG_ANALYZER_NONNULL = YES;
				CLANG_ANALYZER_NUMBER_OBJECT_CONVERSION = YES_AGGRESSIVE;
				CLANG_CXX_LANGUAGE_STANDARD = "gnu++14";
				CLANG_CXX_LIBRARY = "libc++";
				CLANG_ENABLE_MODULES = YES;
				CLANG_ENABLE_OBJC_ARC = YES;
				CLANG_ENABLE_OBJC_WEAK = YES;
				CLANG_WARN_BLOCK_CAPTURE_AUTORELEASING = YES;
				CLANG_WARN_BOOL_CONVERSION = YES;
				CLANG_WARN_COMMA = YES;
				CLANG_WARN_CONSTANT_CONVERSION = YES;
				CLANG_WARN_DEPRECATED_OBJC_IMPLEMENTATIONS = YES;
				CLANG_WARN_DIRECT_OBJC_ISA_USAGE = YES_ERROR;
				CLANG_WARN_DOCUMENTATION_COMMENTS = YES;
				CLANG_WARN_EMPTY_BODY = YES;
				CLANG_WARN_ENUM_CONVERSION = YES;
				CLANG_WARN_INFINITE_RECURSION = YES;
				CLANG_WARN_INT_CONVERSION = YES;
				CLANG_WARN_NON_LITERAL_NULL_CONVERSION = YES;
				CLANG_WARN_OBJC_IMPLICIT_RETAIN_SELF = YES;
				CLANG_WARN_OBJC_LITERAL_CONVERSION = YES;
				CLANG_WARN_OBJC_ROOT_CLASS = YES_ERROR;
				CLANG_WARN_QUOTED_INCLUDE_IN_FRAMEWORK_HEADER = YES;
				CLANG_WARN_RANGE_LOOP_ANALYSIS = YES;
				CLANG_WARN_STRICT_PROTOTYPES = YES;
				CLANG_WARN_SUSPICIOUS_MOVE = YES;
				CLANG_WARN_UNGUARDED_AVAILABILITY = YES_AGGRESSIVE;
				CLANG_WARN_UNREACHABLE_CODE = YES;
				CLANG_WARN__DUPLICATE_METHOD_MATCH = YES;
				COPY_PHASE_STRIP = NO;
				DEBUG_INFORMATION_FORMAT = dwarf;
				ENABLE_STRICT_OBJC_MSGSEND = YES;
				ENABLE_TESTABILITY = YES;
				GCC_C_LANGUAGE_STANDARD = gnu11;
				GCC_DYNAMIC_NO_PIC = NO;
				GCC_NO_COMMON_BLOCKS = YES;
				GCC_OPTIMIZATION_LEVEL = 0;
				GCC_PREPROCESSOR_DEFINITIONS = (
					"DEBUG=1",
					"$(inherited)",
				);
				GCC_WARN_64_TO_32_BIT_CONVERSION = YES;
				GCC_WARN_ABOUT_RETURN_TYPE = YES_ERROR;
				GCC_WARN_UNDECLARED_SELECTOR = YES;
				GCC_WARN_UNINITIALIZED_AUTOS = YES_AGGRESSIVE;
				GCC_WARN_UNUSED_FUNCTION = YES;
				GCC_WARN_UNUSED_VARIABLE = YES;
				IPHONEOS_DEPLOYMENT_TARGET = 14.5;
				MTL_ENABLE_DEBUG_INFO = INCLUDE_SOURCE;
				MTL_FAST_MATH = YES;
				ONLY_ACTIVE_ARCH = YES;
				SDKROOT = iphoneos;
				SWIFT_ACTIVE_COMPILATION_CONDITIONS = DEBUG;
				SWIFT_OPTIMIZATION_LEVEL = "-Onone";
			};
			name = Debug;
		};
		97D6A52D26AECD9F00C2AB87 /* Release */ = {
			isa = XCBuildConfiguration;
			buildSettings = {
				ALWAYS_SEARCH_USER_PATHS = NO;
				CLANG_ANALYZER_NONNULL = YES;
				CLANG_ANALYZER_NUMBER_OBJECT_CONVERSION = YES_AGGRESSIVE;
				CLANG_CXX_LANGUAGE_STANDARD = "gnu++14";
				CLANG_CXX_LIBRARY = "libc++";
				CLANG_ENABLE_MODULES = YES;
				CLANG_ENABLE_OBJC_ARC = YES;
				CLANG_ENABLE_OBJC_WEAK = YES;
				CLANG_WARN_BLOCK_CAPTURE_AUTORELEASING = YES;
				CLANG_WARN_BOOL_CONVERSION = YES;
				CLANG_WARN_COMMA = YES;
				CLANG_WARN_CONSTANT_CONVERSION = YES;
				CLANG_WARN_DEPRECATED_OBJC_IMPLEMENTATIONS = YES;
				CLANG_WARN_DIRECT_OBJC_ISA_USAGE = YES_ERROR;
				CLANG_WARN_DOCUMENTATION_COMMENTS = YES;
				CLANG_WARN_EMPTY_BODY = YES;
				CLANG_WARN_ENUM_CONVERSION = YES;
				CLANG_WARN_INFINITE_RECURSION = YES;
				CLANG_WARN_INT_CONVERSION = YES;
				CLANG_WARN_NON_LITERAL_NULL_CONVERSION = YES;
				CLANG_WARN_OBJC_IMPLICIT_RETAIN_SELF = YES;
				CLANG_WARN_OBJC_LITERAL_CONVERSION = YES;
				CLANG_WARN_OBJC_ROOT_CLASS = YES_ERROR;
				CLANG_WARN_QUOTED_INCLUDE_IN_FRAMEWORK_HEADER = YES;
				CLANG_WARN_RANGE_LOOP_ANALYSIS = YES;
				CLANG_WARN_STRICT_PROTOTYPES = YES;
				CLANG_WARN_SUSPICIOUS_MOVE = YES;
				CLANG_WARN_UNGUARDED_AVAILABILITY = YES_AGGRESSIVE;
				CLANG_WARN_UNREACHABLE_CODE = YES;
				CLANG_WARN__DUPLICATE_METHOD_MATCH = YES;
				COPY_PHASE_STRIP = NO;
				DEBUG_INFORMATION_FORMAT = "dwarf-with-dsym";
				ENABLE_NS_ASSERTIONS = NO;
				ENABLE_STRICT_OBJC_MSGSEND = YES;
				GCC_C_LANGUAGE_STANDARD = gnu11;
				GCC_NO_COMMON_BLOCKS = YES;
				GCC_WARN_64_TO_32_BIT_CONVERSION = YES;
				GCC_WARN_ABOUT_RETURN_TYPE = YES_ERROR;
				GCC_WARN_UNDECLARED_SELECTOR = YES;
				GCC_WARN_UNINITIALIZED_AUTOS = YES_AGGRESSIVE;
				GCC_WARN_UNUSED_FUNCTION = YES;
				GCC_WARN_UNUSED_VARIABLE = YES;
				IPHONEOS_DEPLOYMENT_TARGET = 14.5;
				MTL_ENABLE_DEBUG_INFO = NO;
				MTL_FAST_MATH = YES;
				SDKROOT = iphoneos;
				SWIFT_COMPILATION_MODE = wholemodule;
				SWIFT_OPTIMIZATION_LEVEL = "-O";
				VALIDATE_PRODUCT = YES;
			};
			name = Release;
		};
		97D6A52F26AECD9F00C2AB87 /* Debug */ = {
			isa = XCBuildConfiguration;
			buildSettings = {
				ASSETCATALOG_COMPILER_APPICON_NAME = AppIcon;
				ASSETCATALOG_COMPILER_GLOBAL_ACCENT_COLOR_NAME = AccentColor;
				CODE_SIGN_STYLE = Automatic;
				INFOPLIST_FILE = PickerView/Info.plist;
				LD_RUNPATH_SEARCH_PATHS = (
					"$(inherited)",
					"@executable_path/Frameworks",
				);
				PRODUCT_BUNDLE_IDENTIFIER = net.macnpc.PickerView;
				PRODUCT_NAME = "$(TARGET_NAME)";
				SWIFT_VERSION = 5.0;
				TARGETED_DEVICE_FAMILY = "1,2";
			};
			name = Debug;
		};
		97D6A53026AECD9F00C2AB87 /* Release */ = {
			isa = XCBuildConfiguration;
			buildSettings = {
				ASSETCATALOG_COMPILER_APPICON_NAME = AppIcon;
				ASSETCATALOG_COMPILER_GLOBAL_ACCENT_COLOR_NAME = AccentColor;
				CODE_SIGN_STYLE = Automatic;
				INFOPLIST_FILE = PickerView/Info.plist;
				LD_RUNPATH_SEARCH_PATHS = (
					"$(inherited)",
					"@executable_path/Frameworks",
				);
				PRODUCT_BUNDLE_IDENTIFIER = net.macnpc.PickerView;
				PRODUCT_NAME = "$(TARGET_NAME)";
				SWIFT_VERSION = 5.0;
				TARGETED_DEVICE_FAMILY = "1,2";
			};
			name = Release;
		};
/* End XCBuildConfiguration section */

/* Begin XCConfigurationList section */
		97D6A51526AECD9D00C2AB87 /* Build configuration list for PBXProject "PickerView" */ = {
			isa = XCConfigurationList;
			buildConfigurations = (
				97D6A52C26AECD9F00C2AB87 /* Debug */,
				97D6A52D26AECD9F00C2AB87 /* Release */,
			);
			defaultConfigurationIsVisible = 0;
			defaultConfigurationName = Release;
		};
		97D6A52E26AECD9F00C2AB87 /* Build configuration list for PBXNativeTarget "PickerView" */ = {
			isa = XCConfigurationList;
			buildConfigurations = (
				97D6A52F26AECD9F00C2AB87 /* Debug */,
				97D6A53026AECD9F00C2AB87 /* Release */,
			);
			defaultConfigurationIsVisible = 0;
			defaultConfigurationName = Release;
		};
/* End XCConfigurationList section */
	};
	rootObject = 97D6A51226AECD9D00C2AB87 /* Project object */;
}
